// !$*UTF8*$!
{
	archiveVersion = 1;
	classes = {
	};
	objectVersion = 46;
	objects = {

/* Begin PBXBuildFile section */
		209814D0FD156EE6E2B1C8F9 /* Pods_ShoeBox.framework in Frameworks */ = {isa = PBXBuildFile; fileRef = EC58D98660ADFBA47433352D /* Pods_ShoeBox.framework */; };
		3A127F401C10FA4400406423 /* String+Whitespace.swift in Sources */ = {isa = PBXBuildFile; fileRef = 3A127F3F1C10FA4400406423 /* String+Whitespace.swift */; };
		3A4B183F1C10EADE00C26BD9 /* Contact.swift in Sources */ = {isa = PBXBuildFile; fileRef = 3A4B183E1C10EADE00C26BD9 /* Contact.swift */; };
		3A8224BF1C0E0B6C00A64284 /* CustomInfoWindow.xib in Resources */ = {isa = PBXBuildFile; fileRef = 3A8224BE1C0E0B6C00A64284 /* CustomInfoWindow.xib */; };
		3A8224C11C0E0B8300A64284 /* CustomInfoWindow.swift in Sources */ = {isa = PBXBuildFile; fileRef = 3A8224C01C0E0B8300A64284 /* CustomInfoWindow.swift */; };
		3A8224C41C0E26EF00A64284 /* LocalizedNavigationItem.swift in Sources */ = {isa = PBXBuildFile; fileRef = 3A8224C31C0E26EF00A64284 /* LocalizedNavigationItem.swift */; };
		3A8224C61C0E270700A64284 /* LocalizedBarButtonItem.swift in Sources */ = {isa = PBXBuildFile; fileRef = 3A8224C51C0E270700A64284 /* LocalizedBarButtonItem.swift */; };
		3A8A36AC1C14DC6C00EB0115 /* SwiftEventBus.swift in Sources */ = {isa = PBXBuildFile; fileRef = 3A8A36AB1C14DC6C00EB0115 /* SwiftEventBus.swift */; };
		3AAD26FE1C0F953E00134609 /* Cluj-Napoca.gpx in Resources */ = {isa = PBXBuildFile; fileRef = 3AAD26FD1C0F953E00134609 /* Cluj-Napoca.gpx */; };
		3ABEE10F1C143C9B00A78638 /* IntroViewController.swift in Sources */ = {isa = PBXBuildFile; fileRef = 3ABEE10E1C143C9B00A78638 /* IntroViewController.swift */; };
		6703407A1BFE0EBB001DE623 /* ShoeBoxTests.swift in Sources */ = {isa = PBXBuildFile; fileRef = 670340791BFE0EBB001DE623 /* ShoeBoxTests.swift */; };
		670340851BFE0EBC001DE623 /* ShoeBoxUITests.swift in Sources */ = {isa = PBXBuildFile; fileRef = 670340841BFE0EBC001DE623 /* ShoeBoxUITests.swift */; };
		671428121C15836000158038 /* icomoon.ttf in Resources */ = {isa = PBXBuildFile; fileRef = E3B6EDDB1C14711500329635 /* icomoon.ttf */; };
		671428141C1586E700158038 /* icomoon.plist in Resources */ = {isa = PBXBuildFile; fileRef = 671428131C1586E700158038 /* icomoon.plist */; };
		6728B70C1D914B1700850497 /* SnapshotHelper.swift in Sources */ = {isa = PBXBuildFile; fileRef = 6728B70B1D914B1700850497 /* SnapshotHelper.swift */; };
		678718981C0088AC00F2E739 /* Fabric.framework in Frameworks */ = {isa = PBXBuildFile; fileRef = 678718961C0088AC00F2E739 /* Fabric.framework */; };
		678718991C0088AC00F2E739 /* Crashlytics.framework in Frameworks */ = {isa = PBXBuildFile; fileRef = 678718971C0088AC00F2E739 /* Crashlytics.framework */; };
		67A968E21C0F4BA700330961 /* Constants.swift in Sources */ = {isa = PBXBuildFile; fileRef = 67A968E11C0F4BA700330961 /* Constants.swift */; };
		67E731CA1C0B878D00F259A5 /* CoreLocation.framework in Frameworks */ = {isa = PBXBuildFile; fileRef = 67E731C91C0B878D00F259A5 /* CoreLocation.framework */; settings = {ATTRIBUTES = (Required, ); }; };
		9F62A24590299405A680DD59 /* Pods_ShoeBoxUITests.framework in Frameworks */ = {isa = PBXBuildFile; fileRef = A4884DC3FFCC3FFB72FCC9C4 /* Pods_ShoeBoxUITests.framework */; };
		A782E3D1770C3D9BDEDFC1CD /* Pods_ShoeBoxTests.framework in Frameworks */ = {isa = PBXBuildFile; fileRef = E8ABD9A117723D57FA08BFCD /* Pods_ShoeBoxTests.framework */; };
		E3189BE11DDE480200F03044 /* GoogleService-Info.plist in Resources */ = {isa = PBXBuildFile; fileRef = E3189BE01DDE480200F03044 /* GoogleService-Info.plist */; };
		E34E593F1C0987F300E4E0B9 /* AppDelegate.swift in Sources */ = {isa = PBXBuildFile; fileRef = E34E593E1C0987F300E4E0B9 /* AppDelegate.swift */; };
		E34E59411C09880100E4E0B9 /* AgesViewController.swift in Sources */ = {isa = PBXBuildFile; fileRef = E34E59401C09880100E4E0B9 /* AgesViewController.swift */; };
		E34E594C1C09885F00E4E0B9 /* Assets.xcassets in Resources */ = {isa = PBXBuildFile; fileRef = E34E594B1C09885F00E4E0B9 /* Assets.xcassets */; };
		E34E59541C0988C400E4E0B9 /* LocationDetailViewController.swift in Sources */ = {isa = PBXBuildFile; fileRef = E34E59521C0988C400E4E0B9 /* LocationDetailViewController.swift */; };
		E34E59551C0988C400E4E0B9 /* LocationsViewController.swift in Sources */ = {isa = PBXBuildFile; fileRef = E34E59531C0988C400E4E0B9 /* LocationsViewController.swift */; };
		E34E59571C0988D700E4E0B9 /* MainTabBarViewController.swift in Sources */ = {isa = PBXBuildFile; fileRef = E34E59561C0988D700E4E0B9 /* MainTabBarViewController.swift */; };
		E34E595C1C09890300E4E0B9 /* MapViewController.swift in Sources */ = {isa = PBXBuildFile; fileRef = E34E595B1C09890300E4E0B9 /* MapViewController.swift */; };
		E34E59611C09893100E4E0B9 /* SuggestionsViewController.swift in Sources */ = {isa = PBXBuildFile; fileRef = E34E59601C09893100E4E0B9 /* SuggestionsViewController.swift */; };
		E34E59681C098A0200E4E0B9 /* LaunchScreen.storyboard in Resources */ = {isa = PBXBuildFile; fileRef = E34E59661C098A0200E4E0B9 /* LaunchScreen.storyboard */; };
		E34E596B1C098A1700E4E0B9 /* Main.storyboard in Resources */ = {isa = PBXBuildFile; fileRef = E34E59691C098A1700E4E0B9 /* Main.storyboard */; };
		E37EDD0B1C0C57AF0077B7F9 /* Location.swift in Sources */ = {isa = PBXBuildFile; fileRef = E37EDD0A1C0C57AF0077B7F9 /* Location.swift */; };
		E381C0EA1C0B1D7900D7AD1E /* Localizable.strings in Resources */ = {isa = PBXBuildFile; fileRef = E381C0EC1C0B1D7900D7AD1E /* Localizable.strings */; };
		E381C0F31C0B1F6200D7AD1E /* ShoeBoxLocalizedButton.swift in Sources */ = {isa = PBXBuildFile; fileRef = E381C0F21C0B1F6200D7AD1E /* ShoeBoxLocalizedButton.swift */; };
		E381C0F61C0B2AB900D7AD1E /* ShoeBoxLocalizedLabel.swift in Sources */ = {isa = PBXBuildFile; fileRef = E381C0F51C0B2AB900D7AD1E /* ShoeBoxLocalizedLabel.swift */; };
		E38D37D61C0F6719004983ED /* Suggestion.swift in Sources */ = {isa = PBXBuildFile; fileRef = E38D37D51C0F6719004983ED /* Suggestion.swift */; };
		E38D37D91C0F6912004983ED /* FirebaseManager.swift in Sources */ = {isa = PBXBuildFile; fileRef = E38D37D81C0F6912004983ED /* FirebaseManager.swift */; };
		E3B6EDD51C1469F200329635 /* Spot.swift in Sources */ = {isa = PBXBuildFile; fileRef = E3B6EDD41C1469F200329635 /* Spot.swift */; };
		E3B6EDDA1C146ABB00329635 /* UIFont+ShoeBoxFont.swift in Sources */ = {isa = PBXBuildFile; fileRef = E3B6EDD91C146ABB00329635 /* UIFont+ShoeBoxFont.swift */; };
		E3B6EDDF1C14DA1B00329635 /* SuggestionsTableViewCell.swift in Sources */ = {isa = PBXBuildFile; fileRef = E3B6EDDE1C14DA1B00329635 /* SuggestionsTableViewCell.swift */; };
		E3DE2C541C0A103500F73362 /* UIColor+ShoeBoxColor.swift in Sources */ = {isa = PBXBuildFile; fileRef = E3DE2C531C0A103500F73362 /* UIColor+ShoeBoxColor.swift */; };
		E3DE2C561C0A1D7B00F73362 /* ShoeBoxAgesTopView.swift in Sources */ = {isa = PBXBuildFile; fileRef = E3DE2C551C0A1D7B00F73362 /* ShoeBoxAgesTopView.swift */; };
		E3EA562D1DE0BC8F00126931 /* PageView.swift in Sources */ = {isa = PBXBuildFile; fileRef = E3EA562C1DE0BC8F00126931 /* PageView.swift */; };
		E3EA562F1DE0BCAA00126931 /* PageView.xib in Resources */ = {isa = PBXBuildFile; fileRef = E3EA562E1DE0BCAA00126931 /* PageView.xib */; };
		E3F4F4DC1D92F47B0063B150 /* BaseModelProtocol.swift in Sources */ = {isa = PBXBuildFile; fileRef = E3F4F4DB1D92F47B0063B150 /* BaseModelProtocol.swift */; };
		E3F4F4E01D9302860063B150 /* ContactsViewController.swift in Sources */ = {isa = PBXBuildFile; fileRef = E3F4F4DF1D9302860063B150 /* ContactsViewController.swift */; };
/* End PBXBuildFile section */

/* Begin PBXContainerItemProxy section */
		670340761BFE0EBB001DE623 /* PBXContainerItemProxy */ = {
			isa = PBXContainerItemProxy;
			containerPortal = 670340591BFE0EBB001DE623 /* Project object */;
			proxyType = 1;
			remoteGlobalIDString = 670340601BFE0EBB001DE623;
			remoteInfo = ShoeBox;
		};
		670340811BFE0EBC001DE623 /* PBXContainerItemProxy */ = {
			isa = PBXContainerItemProxy;
			containerPortal = 670340591BFE0EBB001DE623 /* Project object */;
			proxyType = 1;
			remoteGlobalIDString = 670340601BFE0EBB001DE623;
			remoteInfo = ShoeBox;
		};
/* End PBXContainerItemProxy section */

/* Begin PBXFileReference section */
		3A127F3F1C10FA4400406423 /* String+Whitespace.swift */ = {isa = PBXFileReference; fileEncoding = 4; lastKnownFileType = sourcecode.swift; name = "String+Whitespace.swift"; path = "Classes/Helpers/Extensions/String/String+Whitespace.swift"; sourceTree = "<group>"; };
		3A4B183E1C10EADE00C26BD9 /* Contact.swift */ = {isa = PBXFileReference; fileEncoding = 4; lastKnownFileType = sourcecode.swift; name = Contact.swift; path = Classes/Model/Map/Contact.swift; sourceTree = "<group>"; };
		3A8224BE1C0E0B6C00A64284 /* CustomInfoWindow.xib */ = {isa = PBXFileReference; fileEncoding = 4; lastKnownFileType = file.xib; name = CustomInfoWindow.xib; path = Classes/GUI/MapScreen/Views/CustomInfoWindow.xib; sourceTree = "<group>"; };
		3A8224C01C0E0B8300A64284 /* CustomInfoWindow.swift */ = {isa = PBXFileReference; fileEncoding = 4; lastKnownFileType = sourcecode.swift; name = CustomInfoWindow.swift; path = Classes/GUI/MapScreen/Views/CustomInfoWindow.swift; sourceTree = "<group>"; };
		3A8224C31C0E26EF00A64284 /* LocalizedNavigationItem.swift */ = {isa = PBXFileReference; fileEncoding = 4; lastKnownFileType = sourcecode.swift; name = LocalizedNavigationItem.swift; path = Classes/Helpers/LocalizedNavigation/LocalizedNavigationItem.swift; sourceTree = "<group>"; };
		3A8224C51C0E270700A64284 /* LocalizedBarButtonItem.swift */ = {isa = PBXFileReference; fileEncoding = 4; lastKnownFileType = sourcecode.swift; name = LocalizedBarButtonItem.swift; path = Classes/Helpers/LocalizedNavigation/LocalizedBarButtonItem.swift; sourceTree = "<group>"; };
		3A8A36AB1C14DC6C00EB0115 /* SwiftEventBus.swift */ = {isa = PBXFileReference; fileEncoding = 4; lastKnownFileType = sourcecode.swift; name = SwiftEventBus.swift; path = Classes/Helpers/SwiftEventBus.swift; sourceTree = "<group>"; };
		3AAD26FD1C0F953E00134609 /* Cluj-Napoca.gpx */ = {isa = PBXFileReference; fileEncoding = 4; lastKnownFileType = text.xml; name = "Cluj-Napoca.gpx"; path = "SupportingFiles/Cluj-Napoca.gpx"; sourceTree = "<group>"; };
		3ABEE10E1C143C9B00A78638 /* IntroViewController.swift */ = {isa = PBXFileReference; fileEncoding = 4; lastKnownFileType = sourcecode.swift; name = IntroViewController.swift; path = Classes/GUI/IntroScrees/ViewController/IntroViewController.swift; sourceTree = "<group>"; };
		55A39D2F4FCD9B6D7C90315D /* Pods-ShoeBoxUITests.release.xcconfig */ = {isa = PBXFileReference; includeInIndex = 1; lastKnownFileType = text.xcconfig; name = "Pods-ShoeBoxUITests.release.xcconfig"; path = "Pods/Target Support Files/Pods-ShoeBoxUITests/Pods-ShoeBoxUITests.release.xcconfig"; sourceTree = "<group>"; };
		64A5BD7C18BCD9DEFE2A24DB /* Pods-ShoeBox.release.xcconfig */ = {isa = PBXFileReference; includeInIndex = 1; lastKnownFileType = text.xcconfig; name = "Pods-ShoeBox.release.xcconfig"; path = "Pods/Target Support Files/Pods-ShoeBox/Pods-ShoeBox.release.xcconfig"; sourceTree = "<group>"; };
		670340611BFE0EBB001DE623 /* ShoeBox.app */ = {isa = PBXFileReference; explicitFileType = wrapper.application; includeInIndex = 0; path = ShoeBox.app; sourceTree = BUILT_PRODUCTS_DIR; };
		670340751BFE0EBB001DE623 /* ShoeBoxTests.xctest */ = {isa = PBXFileReference; explicitFileType = wrapper.cfbundle; includeInIndex = 0; path = ShoeBoxTests.xctest; sourceTree = BUILT_PRODUCTS_DIR; };
		670340791BFE0EBB001DE623 /* ShoeBoxTests.swift */ = {isa = PBXFileReference; lastKnownFileType = sourcecode.swift; path = ShoeBoxTests.swift; sourceTree = "<group>"; };
		6703407B1BFE0EBB001DE623 /* Info.plist */ = {isa = PBXFileReference; lastKnownFileType = text.plist.xml; path = Info.plist; sourceTree = "<group>"; };
		670340801BFE0EBC001DE623 /* ShoeBoxUITests.xctest */ = {isa = PBXFileReference; explicitFileType = wrapper.cfbundle; includeInIndex = 0; path = ShoeBoxUITests.xctest; sourceTree = BUILT_PRODUCTS_DIR; };
		670340841BFE0EBC001DE623 /* ShoeBoxUITests.swift */ = {isa = PBXFileReference; lastKnownFileType = sourcecode.swift; path = ShoeBoxUITests.swift; sourceTree = "<group>"; };
		670340861BFE0EBC001DE623 /* Info.plist */ = {isa = PBXFileReference; lastKnownFileType = text.plist.xml; path = Info.plist; sourceTree = "<group>"; };
		671428131C1586E700158038 /* icomoon.plist */ = {isa = PBXFileReference; fileEncoding = 4; lastKnownFileType = text.plist.xml; name = icomoon.plist; path = Resources/Fonts/icomoon.plist; sourceTree = "<group>"; };
		6728B70B1D914B1700850497 /* SnapshotHelper.swift */ = {isa = PBXFileReference; fileEncoding = 4; lastKnownFileType = sourcecode.swift; name = SnapshotHelper.swift; path = fastlane/SnapshotHelper.swift; sourceTree = SOURCE_ROOT; };
		678718961C0088AC00F2E739 /* Fabric.framework */ = {isa = PBXFileReference; lastKnownFileType = wrapper.framework; name = Fabric.framework; path = Frameworks/Fabric.framework; sourceTree = "<group>"; };
		678718971C0088AC00F2E739 /* Crashlytics.framework */ = {isa = PBXFileReference; lastKnownFileType = wrapper.framework; name = Crashlytics.framework; path = Frameworks/Crashlytics.framework; sourceTree = "<group>"; };
		67A968E11C0F4BA700330961 /* Constants.swift */ = {isa = PBXFileReference; fileEncoding = 4; lastKnownFileType = sourcecode.swift; name = Constants.swift; path = Classes/Helpers/Constants.swift; sourceTree = "<group>"; };
		67E731C91C0B878D00F259A5 /* CoreLocation.framework */ = {isa = PBXFileReference; lastKnownFileType = wrapper.framework; name = CoreLocation.framework; path = System/Library/Frameworks/CoreLocation.framework; sourceTree = SDKROOT; };
		7FAAC51D1FE2C548F8C556F5 /* Pods-ShoeBoxTests.debug.xcconfig */ = {isa = PBXFileReference; includeInIndex = 1; lastKnownFileType = text.xcconfig; name = "Pods-ShoeBoxTests.debug.xcconfig"; path = "Pods/Target Support Files/Pods-ShoeBoxTests/Pods-ShoeBoxTests.debug.xcconfig"; sourceTree = "<group>"; };
		9E7C0C9F3E1D7A0B7B508F63 /* Pods-ShoeBox.debug.xcconfig */ = {isa = PBXFileReference; includeInIndex = 1; lastKnownFileType = text.xcconfig; name = "Pods-ShoeBox.debug.xcconfig"; path = "Pods/Target Support Files/Pods-ShoeBox/Pods-ShoeBox.debug.xcconfig"; sourceTree = "<group>"; };
		A4884DC3FFCC3FFB72FCC9C4 /* Pods_ShoeBoxUITests.framework */ = {isa = PBXFileReference; explicitFileType = wrapper.framework; includeInIndex = 0; path = Pods_ShoeBoxUITests.framework; sourceTree = BUILT_PRODUCTS_DIR; };
		E07B77BAAF32C267F7D0BC52 /* Pods-ShoeBoxTests.release.xcconfig */ = {isa = PBXFileReference; includeInIndex = 1; lastKnownFileType = text.xcconfig; name = "Pods-ShoeBoxTests.release.xcconfig"; path = "Pods/Target Support Files/Pods-ShoeBoxTests/Pods-ShoeBoxTests.release.xcconfig"; sourceTree = "<group>"; };
		E3189BE01DDE480200F03044 /* GoogleService-Info.plist */ = {isa = PBXFileReference; fileEncoding = 4; lastKnownFileType = text.plist.xml; name = "GoogleService-Info.plist"; path = "SupportingFiles/GoogleService-Info.plist"; sourceTree = "<group>"; };
		E34E593E1C0987F300E4E0B9 /* AppDelegate.swift */ = {isa = PBXFileReference; fileEncoding = 4; lastKnownFileType = sourcecode.swift; name = AppDelegate.swift; path = Classes/AppDelegate.swift; sourceTree = "<group>"; };
		E34E59401C09880100E4E0B9 /* AgesViewController.swift */ = {isa = PBXFileReference; fileEncoding = 4; lastKnownFileType = sourcecode.swift; name = AgesViewController.swift; path = Classes/GUI/AgesScreen/ViewController/AgesViewController.swift; sourceTree = "<group>"; };
		E34E594B1C09885F00E4E0B9 /* Assets.xcassets */ = {isa = PBXFileReference; lastKnownFileType = folder.assetcatalog; name = Assets.xcassets; path = Resources/Images/Assets.xcassets; sourceTree = "<group>"; };
		E34E59521C0988C400E4E0B9 /* LocationDetailViewController.swift */ = {isa = PBXFileReference; fileEncoding = 4; lastKnownFileType = sourcecode.swift; name = LocationDetailViewController.swift; path = Classes/GUI/LocationScreen/ViewController/LocationDetailViewController.swift; sourceTree = "<group>"; };
		E34E59531C0988C400E4E0B9 /* LocationsViewController.swift */ = {isa = PBXFileReference; fileEncoding = 4; lastKnownFileType = sourcecode.swift; name = LocationsViewController.swift; path = Classes/GUI/LocationScreen/ViewController/LocationsViewController.swift; sourceTree = "<group>"; };
		E34E59561C0988D700E4E0B9 /* MainTabBarViewController.swift */ = {isa = PBXFileReference; fileEncoding = 4; lastKnownFileType = sourcecode.swift; name = MainTabBarViewController.swift; path = Classes/GUI/MainScreen/ViewController/MainTabBarViewController.swift; sourceTree = "<group>"; };
		E34E595B1C09890300E4E0B9 /* MapViewController.swift */ = {isa = PBXFileReference; fileEncoding = 4; lastKnownFileType = sourcecode.swift; name = MapViewController.swift; path = Classes/GUI/MapScreen/ViewController/MapViewController.swift; sourceTree = "<group>"; };
		E34E59601C09893100E4E0B9 /* SuggestionsViewController.swift */ = {isa = PBXFileReference; fileEncoding = 4; lastKnownFileType = sourcecode.swift; name = SuggestionsViewController.swift; path = Classes/GUI/SuggestionScreen/ViewController/SuggestionsViewController.swift; sourceTree = "<group>"; };
		E34E59631C0989F600E4E0B9 /* Info.plist */ = {isa = PBXFileReference; fileEncoding = 4; lastKnownFileType = text.plist.xml; name = Info.plist; path = SupportingFiles/Info.plist; sourceTree = "<group>"; };
		E34E59641C0989F600E4E0B9 /* ShoeBox-Bridging-Header.h */ = {isa = PBXFileReference; fileEncoding = 4; lastKnownFileType = sourcecode.c.h; name = "ShoeBox-Bridging-Header.h"; path = "SupportingFiles/ShoeBox-Bridging-Header.h"; sourceTree = "<group>"; };
		E34E59671C098A0200E4E0B9 /* Base */ = {isa = PBXFileReference; lastKnownFileType = file.storyboard; name = Base; path = SupportingFiles/Base.lproj/LaunchScreen.storyboard; sourceTree = "<group>"; };
		E34E596A1C098A1700E4E0B9 /* Base */ = {isa = PBXFileReference; lastKnownFileType = file.storyboard; name = Base; path = SupportingFiles/Base.lproj/Main.storyboard; sourceTree = "<group>"; };
		E37EDD0A1C0C57AF0077B7F9 /* Location.swift */ = {isa = PBXFileReference; fileEncoding = 4; lastKnownFileType = sourcecode.swift; name = Location.swift; path = Classes/Model/Map/Location.swift; sourceTree = "<group>"; };
		E381C0ED1C0B1D7E00D7AD1E /* en */ = {isa = PBXFileReference; lastKnownFileType = text.plist.strings; name = en; path = en.lproj/Localizable.strings; sourceTree = "<group>"; };
		E381C0EF1C0B1DCC00D7AD1E /* ro-RO */ = {isa = PBXFileReference; lastKnownFileType = text.plist.strings; name = "ro-RO"; path = "SupportingFiles/ro-RO.lproj/LaunchScreen.strings"; sourceTree = "<group>"; };
		E381C0F01C0B1DCC00D7AD1E /* ro-RO */ = {isa = PBXFileReference; lastKnownFileType = text.plist.strings; name = "ro-RO"; path = "ro-RO.lproj/Localizable.strings"; sourceTree = "<group>"; };
		E381C0F21C0B1F6200D7AD1E /* ShoeBoxLocalizedButton.swift */ = {isa = PBXFileReference; fileEncoding = 4; lastKnownFileType = sourcecode.swift; name = ShoeBoxLocalizedButton.swift; path = Classes/Helpers/LocalizedButton/ShoeBoxLocalizedButton.swift; sourceTree = "<group>"; };
		E381C0F51C0B2AB900D7AD1E /* ShoeBoxLocalizedLabel.swift */ = {isa = PBXFileReference; fileEncoding = 4; lastKnownFileType = sourcecode.swift; name = ShoeBoxLocalizedLabel.swift; path = Classes/Helpers/LocalizedLabel/ShoeBoxLocalizedLabel.swift; sourceTree = "<group>"; };
		E38D37D51C0F6719004983ED /* Suggestion.swift */ = {isa = PBXFileReference; fileEncoding = 4; lastKnownFileType = sourcecode.swift; name = Suggestion.swift; path = Classes/Model/Suggestion/Suggestion.swift; sourceTree = "<group>"; };
		E38D37D81C0F6912004983ED /* FirebaseManager.swift */ = {isa = PBXFileReference; fileEncoding = 4; lastKnownFileType = sourcecode.swift; name = FirebaseManager.swift; path = Classes/Helpers/FirebaseManager/FirebaseManager.swift; sourceTree = "<group>"; };
		E3B6EDD41C1469F200329635 /* Spot.swift */ = {isa = PBXFileReference; fileEncoding = 4; lastKnownFileType = sourcecode.swift; name = Spot.swift; path = Classes/Model/Map/Spot.swift; sourceTree = "<group>"; };
		E3B6EDD91C146ABB00329635 /* UIFont+ShoeBoxFont.swift */ = {isa = PBXFileReference; fileEncoding = 4; lastKnownFileType = sourcecode.swift; name = "UIFont+ShoeBoxFont.swift"; path = "Classes/Helpers/Extensions/UIFont/UIFont+ShoeBoxFont.swift"; sourceTree = "<group>"; };
		E3B6EDDB1C14711500329635 /* icomoon.ttf */ = {isa = PBXFileReference; lastKnownFileType = file; name = icomoon.ttf; path = Resources/Fonts/icomoon.ttf; sourceTree = "<group>"; };
		E3B6EDDE1C14DA1B00329635 /* SuggestionsTableViewCell.swift */ = {isa = PBXFileReference; fileEncoding = 4; lastKnownFileType = sourcecode.swift; name = SuggestionsTableViewCell.swift; path = Classes/GUI/SuggestionScreen/Cell/SuggestionsTableViewCell.swift; sourceTree = "<group>"; };
		E3DE2C531C0A103500F73362 /* UIColor+ShoeBoxColor.swift */ = {isa = PBXFileReference; fileEncoding = 4; lastKnownFileType = sourcecode.swift; name = "UIColor+ShoeBoxColor.swift"; path = "Classes/Helpers/Extensions/UIColor/UIColor+ShoeBoxColor.swift"; sourceTree = "<group>"; };
		E3DE2C551C0A1D7B00F73362 /* ShoeBoxAgesTopView.swift */ = {isa = PBXFileReference; fileEncoding = 4; lastKnownFileType = sourcecode.swift; name = ShoeBoxAgesTopView.swift; path = Classes/GUI/AgesScreen/Views/ShoeBoxAgesTopView.swift; sourceTree = "<group>"; };
		E3EA562C1DE0BC8F00126931 /* PageView.swift */ = {isa = PBXFileReference; fileEncoding = 4; lastKnownFileType = sourcecode.swift; name = PageView.swift; path = Classes/GUI/IntroScrees/Views/PageView.swift; sourceTree = "<group>"; };
		E3EA562E1DE0BCAA00126931 /* PageView.xib */ = {isa = PBXFileReference; fileEncoding = 4; lastKnownFileType = file.xib; name = PageView.xib; path = Classes/GUI/IntroScrees/Views/PageView.xib; sourceTree = "<group>"; };
		E3F4F4DB1D92F47B0063B150 /* BaseModelProtocol.swift */ = {isa = PBXFileReference; fileEncoding = 4; lastKnownFileType = sourcecode.swift; name = BaseModelProtocol.swift; path = Classes/Model/Base/BaseModelProtocol.swift; sourceTree = "<group>"; };
		E3F4F4DF1D9302860063B150 /* ContactsViewController.swift */ = {isa = PBXFileReference; fileEncoding = 4; lastKnownFileType = sourcecode.swift; name = ContactsViewController.swift; path = Classes/GUI/Contacts/ViewController/ContactsViewController.swift; sourceTree = "<group>"; };
		E8ABD9A117723D57FA08BFCD /* Pods_ShoeBoxTests.framework */ = {isa = PBXFileReference; explicitFileType = wrapper.framework; includeInIndex = 0; path = Pods_ShoeBoxTests.framework; sourceTree = BUILT_PRODUCTS_DIR; };
		EC58D98660ADFBA47433352D /* Pods_ShoeBox.framework */ = {isa = PBXFileReference; explicitFileType = wrapper.framework; includeInIndex = 0; path = Pods_ShoeBox.framework; sourceTree = BUILT_PRODUCTS_DIR; };
		EE245669824C0BC39BC5971C /* Pods-ShoeBoxUITests.debug.xcconfig */ = {isa = PBXFileReference; includeInIndex = 1; lastKnownFileType = text.xcconfig; name = "Pods-ShoeBoxUITests.debug.xcconfig"; path = "Pods/Target Support Files/Pods-ShoeBoxUITests/Pods-ShoeBoxUITests.debug.xcconfig"; sourceTree = "<group>"; };
/* End PBXFileReference section */

/* Begin PBXFrameworksBuildPhase section */
		6703405E1BFE0EBB001DE623 /* Frameworks */ = {
			isa = PBXFrameworksBuildPhase;
			buildActionMask = 2147483647;
			files = (
				67E731CA1C0B878D00F259A5 /* CoreLocation.framework in Frameworks */,
				678718981C0088AC00F2E739 /* Fabric.framework in Frameworks */,
				678718991C0088AC00F2E739 /* Crashlytics.framework in Frameworks */,
				209814D0FD156EE6E2B1C8F9 /* Pods_ShoeBox.framework in Frameworks */,
			);
			runOnlyForDeploymentPostprocessing = 0;
		};
		670340721BFE0EBB001DE623 /* Frameworks */ = {
			isa = PBXFrameworksBuildPhase;
			buildActionMask = 2147483647;
			files = (
				A782E3D1770C3D9BDEDFC1CD /* Pods_ShoeBoxTests.framework in Frameworks */,
			);
			runOnlyForDeploymentPostprocessing = 0;
		};
		6703407D1BFE0EBB001DE623 /* Frameworks */ = {
			isa = PBXFrameworksBuildPhase;
			buildActionMask = 2147483647;
			files = (
				9F62A24590299405A680DD59 /* Pods_ShoeBoxUITests.framework in Frameworks */,
			);
			runOnlyForDeploymentPostprocessing = 0;
		};
/* End PBXFrameworksBuildPhase section */

/* Begin PBXGroup section */
		3A127F3E1C10FA0000406423 /* String */ = {
			isa = PBXGroup;
			children = (
				3A127F3F1C10FA4400406423 /* String+Whitespace.swift */,
			);
			name = String;
			sourceTree = "<group>";
		};
		3A1BABA71C079709007DE234 /* Helpers */ = {
			isa = PBXGroup;
			children = (
				E38D37D71C0F68B3004983ED /* FirebaseManager */,
				3A8224C21C0E26C600A64284 /* LocalizedNavigation */,
				E381C0F41C0B2A9600D7AD1E /* LocalizedLabel */,
				E381C0F11C0B1F1900D7AD1E /* LocalizedButton */,
				E3DE2C511C0A0FFA00F73362 /* Extensions */,
				67A968E11C0F4BA700330961 /* Constants.swift */,
				3A8A36AB1C14DC6C00EB0115 /* SwiftEventBus.swift */,
			);
			name = Helpers;
			sourceTree = "<group>";
		};
		3A8224C21C0E26C600A64284 /* LocalizedNavigation */ = {
			isa = PBXGroup;
			children = (
				3A8224C31C0E26EF00A64284 /* LocalizedNavigationItem.swift */,
				3A8224C51C0E270700A64284 /* LocalizedBarButtonItem.swift */,
			);
			name = LocalizedNavigation;
			sourceTree = "<group>";
		};
		670340581BFE0EBB001DE623 = {
			isa = PBXGroup;
			children = (
				670340631BFE0EBB001DE623 /* ShoeBox */,
				670340781BFE0EBB001DE623 /* ShoeBoxTests */,
				670340831BFE0EBC001DE623 /* ShoeBoxUITests */,
				678718911C00881900F2E739 /* Frameworks */,
				670340621BFE0EBB001DE623 /* Products */,
				B1D451E3AA995774DBD812ED /* Pods */,
			);
			sourceTree = "<group>";
		};
		670340621BFE0EBB001DE623 /* Products */ = {
			isa = PBXGroup;
			children = (
				670340611BFE0EBB001DE623 /* ShoeBox.app */,
				670340751BFE0EBB001DE623 /* ShoeBoxTests.xctest */,
				670340801BFE0EBC001DE623 /* ShoeBoxUITests.xctest */,
			);
			name = Products;
			sourceTree = "<group>";
		};
		670340631BFE0EBB001DE623 /* ShoeBox */ = {
			isa = PBXGroup;
			children = (
				E34E593E1C0987F300E4E0B9 /* AppDelegate.swift */,
				E34E592E1C0982E800E4E0B9 /* Classes */,
				E34E59371C09850500E4E0B9 /* Resources */,
				E34E59621C0989B000E4E0B9 /* SupportingFiles */,
			);
			path = ShoeBox;
			sourceTree = "<group>";
		};
		670340781BFE0EBB001DE623 /* ShoeBoxTests */ = {
			isa = PBXGroup;
			children = (
				670340791BFE0EBB001DE623 /* ShoeBoxTests.swift */,
				6703407B1BFE0EBB001DE623 /* Info.plist */,
			);
			path = ShoeBoxTests;
			sourceTree = "<group>";
		};
		670340831BFE0EBC001DE623 /* ShoeBoxUITests */ = {
			isa = PBXGroup;
			children = (
				6728B70B1D914B1700850497 /* SnapshotHelper.swift */,
				670340841BFE0EBC001DE623 /* ShoeBoxUITests.swift */,
				670340861BFE0EBC001DE623 /* Info.plist */,
			);
			path = ShoeBoxUITests;
			sourceTree = "<group>";
		};
		678718911C00881900F2E739 /* Frameworks */ = {
			isa = PBXGroup;
			children = (
				67E731C91C0B878D00F259A5 /* CoreLocation.framework */,
				678718961C0088AC00F2E739 /* Fabric.framework */,
				678718971C0088AC00F2E739 /* Crashlytics.framework */,
				EC58D98660ADFBA47433352D /* Pods_ShoeBox.framework */,
				E8ABD9A117723D57FA08BFCD /* Pods_ShoeBoxTests.framework */,
				A4884DC3FFCC3FFB72FCC9C4 /* Pods_ShoeBoxUITests.framework */,
			);
			name = Frameworks;
			sourceTree = "<group>";
		};
		67E731C61C0B5F6C00F259A5 /* Map */ = {
			isa = PBXGroup;
			children = (
				E3B6EDD41C1469F200329635 /* Spot.swift */,
				3A4B183E1C10EADE00C26BD9 /* Contact.swift */,
				E37EDD0A1C0C57AF0077B7F9 /* Location.swift */,
			);
			name = Map;
			sourceTree = "<group>";
		};
		B1D451E3AA995774DBD812ED /* Pods */ = {
			isa = PBXGroup;
			children = (
				9E7C0C9F3E1D7A0B7B508F63 /* Pods-ShoeBox.debug.xcconfig */,
				64A5BD7C18BCD9DEFE2A24DB /* Pods-ShoeBox.release.xcconfig */,
				7FAAC51D1FE2C548F8C556F5 /* Pods-ShoeBoxTests.debug.xcconfig */,
				E07B77BAAF32C267F7D0BC52 /* Pods-ShoeBoxTests.release.xcconfig */,
				EE245669824C0BC39BC5971C /* Pods-ShoeBoxUITests.debug.xcconfig */,
				55A39D2F4FCD9B6D7C90315D /* Pods-ShoeBoxUITests.release.xcconfig */,
			);
			name = Pods;
			sourceTree = "<group>";
		};
		E34E592E1C0982E800E4E0B9 /* Classes */ = {
			isa = PBXGroup;
			children = (
				E34E592F1C0982F300E4E0B9 /* GUI */,
				E34E596C1C098A7A00E4E0B9 /* Model */,
				3A1BABA71C079709007DE234 /* Helpers */,
			);
			name = Classes;
			sourceTree = "<group>";
		};
		E34E592F1C0982F300E4E0B9 /* GUI */ = {
			isa = PBXGroup;
			children = (
				E3F4F4DD1D9302460063B150 /* Contacts */,
				E34E593B1C0986F400E4E0B9 /* AgesScreen */,
				E34E59301C09833E00E4E0B9 /* IntroScreen */,
				E34E594F1C0988A400E4E0B9 /* LocationScreen */,
				E34E59311C09834600E4E0B9 /* MainScreen */,
				E34E59581C0988E800E4E0B9 /* MapScreen */,
				E34E595D1C09890B00E4E0B9 /* SuggestionScreen */,
				E34E59381C09851B00E4E0B9 /* Storyboard */,
			);
			name = GUI;
			sourceTree = "<group>";
		};
		E34E59301C09833E00E4E0B9 /* IntroScreen */ = {
			isa = PBXGroup;
			children = (
				E34E59351C0984D000E4E0B9 /* View */,
				E34E59341C0984C800E4E0B9 /* ViewController */,
			);
			name = IntroScreen;
			sourceTree = "<group>";
		};
		E34E59311C09834600E4E0B9 /* MainScreen */ = {
			isa = PBXGroup;
			children = (
				E34E59321C0984BA00E4E0B9 /* ViewController */,
			);
			name = MainScreen;
			sourceTree = "<group>";
		};
		E34E59321C0984BA00E4E0B9 /* ViewController */ = {
			isa = PBXGroup;
			children = (
				E34E59561C0988D700E4E0B9 /* MainTabBarViewController.swift */,
			);
			name = ViewController;
			sourceTree = "<group>";
		};
		E34E59341C0984C800E4E0B9 /* ViewController */ = {
			isa = PBXGroup;
			children = (
				3ABEE10E1C143C9B00A78638 /* IntroViewController.swift */,
			);
			name = ViewController;
			sourceTree = "<group>";
		};
		E34E59351C0984D000E4E0B9 /* View */ = {
			isa = PBXGroup;
			children = (
				E3EA562C1DE0BC8F00126931 /* PageView.swift */,
				E3EA562E1DE0BCAA00126931 /* PageView.xib */,
			);
			name = View;
			sourceTree = "<group>";
		};
		E34E59371C09850500E4E0B9 /* Resources */ = {
			isa = PBXGroup;
			children = (
				E3B6EDD61C146A0200329635 /* Fonts */,
				E34E59391C09853C00E4E0B9 /* Images */,
				E381C0E31C0B1C8900D7AD1E /* Language */,
			);
			name = Resources;
			sourceTree = "<group>";
		};
		E34E59381C09851B00E4E0B9 /* Storyboard */ = {
			isa = PBXGroup;
			children = (
				E34E59691C098A1700E4E0B9 /* Main.storyboard */,
			);
			name = Storyboard;
			sourceTree = "<group>";
		};
		E34E59391C09853C00E4E0B9 /* Images */ = {
			isa = PBXGroup;
			children = (
				E34E594B1C09885F00E4E0B9 /* Assets.xcassets */,
			);
			name = Images;
			sourceTree = "<group>";
		};
		E34E593B1C0986F400E4E0B9 /* AgesScreen */ = {
			isa = PBXGroup;
			children = (
				E34E593D1C09870000E4E0B9 /* Views */,
				E34E593C1C0986FA00E4E0B9 /* ViewController */,
			);
			name = AgesScreen;
			sourceTree = "<group>";
		};
		E34E593C1C0986FA00E4E0B9 /* ViewController */ = {
			isa = PBXGroup;
			children = (
				E34E59401C09880100E4E0B9 /* AgesViewController.swift */,
			);
			name = ViewController;
			sourceTree = "<group>";
		};
		E34E593D1C09870000E4E0B9 /* Views */ = {
			isa = PBXGroup;
			children = (
				E3DE2C551C0A1D7B00F73362 /* ShoeBoxAgesTopView.swift */,
			);
			name = Views;
			sourceTree = "<group>";
		};
		E34E594F1C0988A400E4E0B9 /* LocationScreen */ = {
			isa = PBXGroup;
			children = (
				E34E59501C0988AE00E4E0B9 /* ViewController */,
			);
			name = LocationScreen;
			sourceTree = "<group>";
		};
		E34E59501C0988AE00E4E0B9 /* ViewController */ = {
			isa = PBXGroup;
			children = (
				E34E59521C0988C400E4E0B9 /* LocationDetailViewController.swift */,
				E34E59531C0988C400E4E0B9 /* LocationsViewController.swift */,
			);
			name = ViewController;
			sourceTree = "<group>";
		};
		E34E59581C0988E800E4E0B9 /* MapScreen */ = {
			isa = PBXGroup;
			children = (
				E34E595A1C0988F800E4E0B9 /* Views */,
				E34E59591C0988F200E4E0B9 /* ViewController */,
			);
			name = MapScreen;
			sourceTree = "<group>";
		};
		E34E59591C0988F200E4E0B9 /* ViewController */ = {
			isa = PBXGroup;
			children = (
				E34E595B1C09890300E4E0B9 /* MapViewController.swift */,
			);
			name = ViewController;
			sourceTree = "<group>";
		};
		E34E595A1C0988F800E4E0B9 /* Views */ = {
			isa = PBXGroup;
			children = (
				3A8224BE1C0E0B6C00A64284 /* CustomInfoWindow.xib */,
				3A8224C01C0E0B8300A64284 /* CustomInfoWindow.swift */,
			);
			name = Views;
			sourceTree = "<group>";
		};
		E34E595D1C09890B00E4E0B9 /* SuggestionScreen */ = {
			isa = PBXGroup;
			children = (
				E3B6EDDD1C14D9F000329635 /* Cell */,
				E34E595E1C09891200E4E0B9 /* ViewController */,
			);
			name = SuggestionScreen;
			sourceTree = "<group>";
		};
		E34E595E1C09891200E4E0B9 /* ViewController */ = {
			isa = PBXGroup;
			children = (
				E34E59601C09893100E4E0B9 /* SuggestionsViewController.swift */,
			);
			name = ViewController;
			sourceTree = "<group>";
		};
		E34E59621C0989B000E4E0B9 /* SupportingFiles */ = {
			isa = PBXGroup;
			children = (
				E3189BE01DDE480200F03044 /* GoogleService-Info.plist */,
				3AAD26FD1C0F953E00134609 /* Cluj-Napoca.gpx */,
				E34E59661C098A0200E4E0B9 /* LaunchScreen.storyboard */,
				E34E59631C0989F600E4E0B9 /* Info.plist */,
				E34E59641C0989F600E4E0B9 /* ShoeBox-Bridging-Header.h */,
			);
			name = SupportingFiles;
			sourceTree = "<group>";
		};
		E34E596C1C098A7A00E4E0B9 /* Model */ = {
			isa = PBXGroup;
			children = (
				E3F4F4DA1D92F46F0063B150 /* Base */,
				E38D37D41C0F66F6004983ED /* Suggestion */,
				67E731C61C0B5F6C00F259A5 /* Map */,
			);
			name = Model;
			sourceTree = "<group>";
		};
		E381C0E31C0B1C8900D7AD1E /* Language */ = {
			isa = PBXGroup;
			children = (
				E381C0EC1C0B1D7900D7AD1E /* Localizable.strings */,
			);
			name = Language;
			sourceTree = "<group>";
		};
		E381C0F11C0B1F1900D7AD1E /* LocalizedButton */ = {
			isa = PBXGroup;
			children = (
				E381C0F21C0B1F6200D7AD1E /* ShoeBoxLocalizedButton.swift */,
			);
			name = LocalizedButton;
			sourceTree = "<group>";
		};
		E381C0F41C0B2A9600D7AD1E /* LocalizedLabel */ = {
			isa = PBXGroup;
			children = (
				E381C0F51C0B2AB900D7AD1E /* ShoeBoxLocalizedLabel.swift */,
			);
			name = LocalizedLabel;
			sourceTree = "<group>";
		};
		E38D37D41C0F66F6004983ED /* Suggestion */ = {
			isa = PBXGroup;
			children = (
				E38D37D51C0F6719004983ED /* Suggestion.swift */,
			);
			name = Suggestion;
			sourceTree = "<group>";
		};
		E38D37D71C0F68B3004983ED /* FirebaseManager */ = {
			isa = PBXGroup;
			children = (
				E38D37D81C0F6912004983ED /* FirebaseManager.swift */,
			);
			name = FirebaseManager;
			sourceTree = "<group>";
		};
		E3B6EDD61C146A0200329635 /* Fonts */ = {
			isa = PBXGroup;
			children = (
				671428131C1586E700158038 /* icomoon.plist */,
				E3B6EDDB1C14711500329635 /* icomoon.ttf */,
			);
			name = Fonts;
			sourceTree = "<group>";
		};
		E3B6EDD81C146A8400329635 /* UIFont */ = {
			isa = PBXGroup;
			children = (
				E3B6EDD91C146ABB00329635 /* UIFont+ShoeBoxFont.swift */,
			);
			name = UIFont;
			sourceTree = "<group>";
		};
		E3B6EDDD1C14D9F000329635 /* Cell */ = {
			isa = PBXGroup;
			children = (
				E3B6EDDE1C14DA1B00329635 /* SuggestionsTableViewCell.swift */,
			);
			name = Cell;
			sourceTree = "<group>";
		};
		E3DE2C511C0A0FFA00F73362 /* Extensions */ = {
			isa = PBXGroup;
			children = (
				E3B6EDD81C146A8400329635 /* UIFont */,
				3A127F3E1C10FA0000406423 /* String */,
				E3DE2C521C0A100400F73362 /* UIColor */,
			);
			name = Extensions;
			sourceTree = "<group>";
		};
		E3DE2C521C0A100400F73362 /* UIColor */ = {
			isa = PBXGroup;
			children = (
				E3DE2C531C0A103500F73362 /* UIColor+ShoeBoxColor.swift */,
			);
			name = UIColor;
			sourceTree = "<group>";
		};
		E3F4F4DA1D92F46F0063B150 /* Base */ = {
			isa = PBXGroup;
			children = (
				E3F4F4DB1D92F47B0063B150 /* BaseModelProtocol.swift */,
			);
			name = Base;
			sourceTree = "<group>";
		};
		E3F4F4DD1D9302460063B150 /* Contacts */ = {
			isa = PBXGroup;
			children = (
				E3F4F4DE1D9302510063B150 /* ViewController */,
			);
			name = Contacts;
			sourceTree = "<group>";
		};
		E3F4F4DE1D9302510063B150 /* ViewController */ = {
			isa = PBXGroup;
			children = (
				E3F4F4DF1D9302860063B150 /* ContactsViewController.swift */,
			);
			name = ViewController;
			sourceTree = "<group>";
		};
/* End PBXGroup section */

/* Begin PBXNativeTarget section */
		670340601BFE0EBB001DE623 /* ShoeBox */ = {
			isa = PBXNativeTarget;
			buildConfigurationList = 670340891BFE0EBC001DE623 /* Build configuration list for PBXNativeTarget "ShoeBox" */;
			buildPhases = (
				AB1D31EF267CA5BB81E58727 /* [CP] Check Pods Manifest.lock */,
				6703405D1BFE0EBB001DE623 /* Sources */,
				6703405E1BFE0EBB001DE623 /* Frameworks */,
				6703405F1BFE0EBB001DE623 /* Resources */,
				6787188A1C00876200F2E739 /* ShellScript */,
				E66FCFD708AE94DA225F9305 /* [CP] Embed Pods Frameworks */,
				EDEA20676CB66DACA64430E7 /* [CP] Copy Pods Resources */,
			);
			buildRules = (
			);
			dependencies = (
			);
			name = ShoeBox;
			productName = ShoeBox;
			productReference = 670340611BFE0EBB001DE623 /* ShoeBox.app */;
			productType = "com.apple.product-type.application";
		};
		670340741BFE0EBB001DE623 /* ShoeBoxTests */ = {
			isa = PBXNativeTarget;
			buildConfigurationList = 6703408C1BFE0EBC001DE623 /* Build configuration list for PBXNativeTarget "ShoeBoxTests" */;
			buildPhases = (
				0D984E4F7BCA86D30688CAB3 /* [CP] Check Pods Manifest.lock */,
				670340711BFE0EBB001DE623 /* Sources */,
				670340721BFE0EBB001DE623 /* Frameworks */,
				670340731BFE0EBB001DE623 /* Resources */,
				54B765BF1EE98929175DFA3B /* [CP] Embed Pods Frameworks */,
				F8AC4C334CE9D00247CC3800 /* [CP] Copy Pods Resources */,
			);
			buildRules = (
			);
			dependencies = (
				670340771BFE0EBB001DE623 /* PBXTargetDependency */,
			);
			name = ShoeBoxTests;
			productName = ShoeBoxTests;
			productReference = 670340751BFE0EBB001DE623 /* ShoeBoxTests.xctest */;
			productType = "com.apple.product-type.bundle.unit-test";
		};
		6703407F1BFE0EBB001DE623 /* ShoeBoxUITests */ = {
			isa = PBXNativeTarget;
			buildConfigurationList = 6703408F1BFE0EBC001DE623 /* Build configuration list for PBXNativeTarget "ShoeBoxUITests" */;
			buildPhases = (
				B94C65B79DF2C5EA6E7E1661 /* [CP] Check Pods Manifest.lock */,
				6703407C1BFE0EBB001DE623 /* Sources */,
				6703407D1BFE0EBB001DE623 /* Frameworks */,
				6703407E1BFE0EBB001DE623 /* Resources */,
				15BBB2BCE00DA0B8F632503B /* [CP] Copy Pods Resources */,
			);
			buildRules = (
			);
			dependencies = (
				670340821BFE0EBC001DE623 /* PBXTargetDependency */,
			);
			name = ShoeBoxUITests;
			productName = ShoeBoxUITests;
			productReference = 670340801BFE0EBC001DE623 /* ShoeBoxUITests.xctest */;
			productType = "com.apple.product-type.bundle.ui-testing";
		};
/* End PBXNativeTarget section */

/* Begin PBXProject section */
		670340591BFE0EBB001DE623 /* Project object */ = {
			isa = PBXProject;
			attributes = {
				LastSwiftUpdateCheck = 0710;
				LastUpgradeCheck = 0710;
				ORGANIZATIONNAME = ShoeBox;
				TargetAttributes = {
					670340601BFE0EBB001DE623 = {
						CreatedOnToolsVersion = 7.1.1;
						DevelopmentTeam = L76G333DCJ;
						LastSwiftMigration = 0810;
					};
					670340741BFE0EBB001DE623 = {
						CreatedOnToolsVersion = 7.1.1;
						DevelopmentTeam = L76G333DCJ;
						LastSwiftMigration = 0810;
						TestTargetID = 670340601BFE0EBB001DE623;
					};
					6703407F1BFE0EBB001DE623 = {
						CreatedOnToolsVersion = 7.1.1;
						LastSwiftMigration = 0810;
						ProvisioningStyle = Automatic;
						TestTargetID = 670340601BFE0EBB001DE623;
					};
				};
			};
			buildConfigurationList = 6703405C1BFE0EBB001DE623 /* Build configuration list for PBXProject "ShoeBox" */;
			compatibilityVersion = "Xcode 3.2";
			developmentRegion = English;
			hasScannedForEncodings = 0;
			knownRegions = (
				en,
				Base,
				"ro-RO",
			);
			mainGroup = 670340581BFE0EBB001DE623;
			productRefGroup = 670340621BFE0EBB001DE623 /* Products */;
			projectDirPath = "";
			projectRoot = "";
			targets = (
				670340601BFE0EBB001DE623 /* ShoeBox */,
				670340741BFE0EBB001DE623 /* ShoeBoxTests */,
				6703407F1BFE0EBB001DE623 /* ShoeBoxUITests */,
			);
		};
/* End PBXProject section */

/* Begin PBXResourcesBuildPhase section */
		6703405F1BFE0EBB001DE623 /* Resources */ = {
			isa = PBXResourcesBuildPhase;
			buildActionMask = 2147483647;
			files = (
				3A8224BF1C0E0B6C00A64284 /* CustomInfoWindow.xib in Resources */,
				671428121C15836000158038 /* icomoon.ttf in Resources */,
				E3189BE11DDE480200F03044 /* GoogleService-Info.plist in Resources */,
				E34E59681C098A0200E4E0B9 /* LaunchScreen.storyboard in Resources */,
				671428141C1586E700158038 /* icomoon.plist in Resources */,
				E381C0EA1C0B1D7900D7AD1E /* Localizable.strings in Resources */,
				3AAD26FE1C0F953E00134609 /* Cluj-Napoca.gpx in Resources */,
				E34E594C1C09885F00E4E0B9 /* Assets.xcassets in Resources */,
				E34E596B1C098A1700E4E0B9 /* Main.storyboard in Resources */,
				E3EA562F1DE0BCAA00126931 /* PageView.xib in Resources */,
			);
			runOnlyForDeploymentPostprocessing = 0;
		};
		670340731BFE0EBB001DE623 /* Resources */ = {
			isa = PBXResourcesBuildPhase;
			buildActionMask = 2147483647;
			files = (
			);
			runOnlyForDeploymentPostprocessing = 0;
		};
		6703407E1BFE0EBB001DE623 /* Resources */ = {
			isa = PBXResourcesBuildPhase;
			buildActionMask = 2147483647;
			files = (
			);
			runOnlyForDeploymentPostprocessing = 0;
		};
/* End PBXResourcesBuildPhase section */

/* Begin PBXShellScriptBuildPhase section */
		0D984E4F7BCA86D30688CAB3 /* [CP] Check Pods Manifest.lock */ = {
			isa = PBXShellScriptBuildPhase;
			buildActionMask = 2147483647;
			files = (
			);
			inputPaths = (
			);
			name = "[CP] Check Pods Manifest.lock";
			outputPaths = (
			);
			runOnlyForDeploymentPostprocessing = 0;
			shellPath = /bin/sh;
			shellScript = "diff \"${PODS_ROOT}/../Podfile.lock\" \"${PODS_ROOT}/Manifest.lock\" > /dev/null\nif [[ $? != 0 ]] ; then\n    cat << EOM\nerror: The sandbox is not in sync with the Podfile.lock. Run 'pod install' or update your CocoaPods installation.\nEOM\n    exit 1\nfi\n";
			showEnvVarsInLog = 0;
		};
		15BBB2BCE00DA0B8F632503B /* [CP] Copy Pods Resources */ = {
			isa = PBXShellScriptBuildPhase;
			buildActionMask = 2147483647;
			files = (
			);
			inputPaths = (
			);
			name = "[CP] Copy Pods Resources";
			outputPaths = (
			);
			runOnlyForDeploymentPostprocessing = 0;
			shellPath = /bin/sh;
			shellScript = "\"${SRCROOT}/Pods/Target Support Files/Pods-ShoeBoxUITests/Pods-ShoeBoxUITests-resources.sh\"\n";
			showEnvVarsInLog = 0;
		};
		54B765BF1EE98929175DFA3B /* [CP] Embed Pods Frameworks */ = {
			isa = PBXShellScriptBuildPhase;
			buildActionMask = 2147483647;
			files = (
			);
			inputPaths = (
			);
			name = "[CP] Embed Pods Frameworks";
			outputPaths = (
			);
			runOnlyForDeploymentPostprocessing = 0;
			shellPath = /bin/sh;
			shellScript = "\"${SRCROOT}/Pods/Target Support Files/Pods-ShoeBoxTests/Pods-ShoeBoxTests-frameworks.sh\"\n";
			showEnvVarsInLog = 0;
		};
		6787188A1C00876200F2E739 /* ShellScript */ = {
			isa = PBXShellScriptBuildPhase;
			buildActionMask = 2147483647;
			files = (
			);
			inputPaths = (
			);
			outputPaths = (
			);
			runOnlyForDeploymentPostprocessing = 0;
			shellPath = /bin/sh;
			shellScript = "./Frameworks/Fabric.framework/run 3b24327bf13dc6258f579bf4303b6eb98aabd810 6466f5ce3810b628c66753149b31d3ddb96fea662d740987f4bdba1e07230e1c";
		};
		AB1D31EF267CA5BB81E58727 /* [CP] Check Pods Manifest.lock */ = {
			isa = PBXShellScriptBuildPhase;
			buildActionMask = 2147483647;
			files = (
			);
			inputPaths = (
			);
			name = "[CP] Check Pods Manifest.lock";
			outputPaths = (
			);
			runOnlyForDeploymentPostprocessing = 0;
			shellPath = /bin/sh;
			shellScript = "diff \"${PODS_ROOT}/../Podfile.lock\" \"${PODS_ROOT}/Manifest.lock\" > /dev/null\nif [[ $? != 0 ]] ; then\n    cat << EOM\nerror: The sandbox is not in sync with the Podfile.lock. Run 'pod install' or update your CocoaPods installation.\nEOM\n    exit 1\nfi\n";
			showEnvVarsInLog = 0;
		};
		B94C65B79DF2C5EA6E7E1661 /* [CP] Check Pods Manifest.lock */ = {
			isa = PBXShellScriptBuildPhase;
			buildActionMask = 2147483647;
			files = (
			);
			inputPaths = (
			);
			name = "[CP] Check Pods Manifest.lock";
			outputPaths = (
			);
			runOnlyForDeploymentPostprocessing = 0;
			shellPath = /bin/sh;
			shellScript = "diff \"${PODS_ROOT}/../Podfile.lock\" \"${PODS_ROOT}/Manifest.lock\" > /dev/null\nif [[ $? != 0 ]] ; then\n    cat << EOM\nerror: The sandbox is not in sync with the Podfile.lock. Run 'pod install' or update your CocoaPods installation.\nEOM\n    exit 1\nfi\n";
			showEnvVarsInLog = 0;
		};
		E66FCFD708AE94DA225F9305 /* [CP] Embed Pods Frameworks */ = {
			isa = PBXShellScriptBuildPhase;
			buildActionMask = 2147483647;
			files = (
			);
			inputPaths = (
			);
			name = "[CP] Embed Pods Frameworks";
			outputPaths = (
			);
			runOnlyForDeploymentPostprocessing = 0;
			shellPath = /bin/sh;
			shellScript = "\"${SRCROOT}/Pods/Target Support Files/Pods-ShoeBox/Pods-ShoeBox-frameworks.sh\"\n";
			showEnvVarsInLog = 0;
		};
		EDEA20676CB66DACA64430E7 /* [CP] Copy Pods Resources */ = {
			isa = PBXShellScriptBuildPhase;
			buildActionMask = 2147483647;
			files = (
			);
			inputPaths = (
			);
			name = "[CP] Copy Pods Resources";
			outputPaths = (
			);
			runOnlyForDeploymentPostprocessing = 0;
			shellPath = /bin/sh;
			shellScript = "\"${SRCROOT}/Pods/Target Support Files/Pods-ShoeBox/Pods-ShoeBox-resources.sh\"\n";
			showEnvVarsInLog = 0;
		};
		F8AC4C334CE9D00247CC3800 /* [CP] Copy Pods Resources */ = {
			isa = PBXShellScriptBuildPhase;
			buildActionMask = 2147483647;
			files = (
			);
			inputPaths = (
			);
			name = "[CP] Copy Pods Resources";
			outputPaths = (
			);
			runOnlyForDeploymentPostprocessing = 0;
			shellPath = /bin/sh;
			shellScript = "\"${SRCROOT}/Pods/Target Support Files/Pods-ShoeBoxTests/Pods-ShoeBoxTests-resources.sh\"\n";
			showEnvVarsInLog = 0;
		};
/* End PBXShellScriptBuildPhase section */

/* Begin PBXSourcesBuildPhase section */
		6703405D1BFE0EBB001DE623 /* Sources */ = {
			isa = PBXSourcesBuildPhase;
			buildActionMask = 2147483647;
			files = (
				E3B6EDDA1C146ABB00329635 /* UIFont+ShoeBoxFont.swift in Sources */,
				E34E59541C0988C400E4E0B9 /* LocationDetailViewController.swift in Sources */,
				E34E59551C0988C400E4E0B9 /* LocationsViewController.swift in Sources */,
				3ABEE10F1C143C9B00A78638 /* IntroViewController.swift in Sources */,
				E37EDD0B1C0C57AF0077B7F9 /* Location.swift in Sources */,
				3A4B183F1C10EADE00C26BD9 /* Contact.swift in Sources */,
				E381C0F61C0B2AB900D7AD1E /* ShoeBoxLocalizedLabel.swift in Sources */,
				E34E59571C0988D700E4E0B9 /* MainTabBarViewController.swift in Sources */,
				3A8224C41C0E26EF00A64284 /* LocalizedNavigationItem.swift in Sources */,
				E34E59611C09893100E4E0B9 /* SuggestionsViewController.swift in Sources */,
				E3B6EDDF1C14DA1B00329635 /* SuggestionsTableViewCell.swift in Sources */,
				3A127F401C10FA4400406423 /* String+Whitespace.swift in Sources */,
				E38D37D91C0F6912004983ED /* FirebaseManager.swift in Sources */,
				3A8A36AC1C14DC6C00EB0115 /* SwiftEventBus.swift in Sources */,
				E3DE2C561C0A1D7B00F73362 /* ShoeBoxAgesTopView.swift in Sources */,
				E3EA562D1DE0BC8F00126931 /* PageView.swift in Sources */,
				E34E59411C09880100E4E0B9 /* AgesViewController.swift in Sources */,
				E34E593F1C0987F300E4E0B9 /* AppDelegate.swift in Sources */,
				E3DE2C541C0A103500F73362 /* UIColor+ShoeBoxColor.swift in Sources */,
				67A968E21C0F4BA700330961 /* Constants.swift in Sources */,
				3A8224C61C0E270700A64284 /* LocalizedBarButtonItem.swift in Sources */,
				3A8224C11C0E0B8300A64284 /* CustomInfoWindow.swift in Sources */,
				E34E595C1C09890300E4E0B9 /* MapViewController.swift in Sources */,
				E3B6EDD51C1469F200329635 /* Spot.swift in Sources */,
				E381C0F31C0B1F6200D7AD1E /* ShoeBoxLocalizedButton.swift in Sources */,
				E3F4F4DC1D92F47B0063B150 /* BaseModelProtocol.swift in Sources */,
				E38D37D61C0F6719004983ED /* Suggestion.swift in Sources */,
				E3F4F4E01D9302860063B150 /* ContactsViewController.swift in Sources */,
			);
			runOnlyForDeploymentPostprocessing = 0;
		};
		670340711BFE0EBB001DE623 /* Sources */ = {
			isa = PBXSourcesBuildPhase;
			buildActionMask = 2147483647;
			files = (
				6703407A1BFE0EBB001DE623 /* ShoeBoxTests.swift in Sources */,
			);
			runOnlyForDeploymentPostprocessing = 0;
		};
		6703407C1BFE0EBB001DE623 /* Sources */ = {
			isa = PBXSourcesBuildPhase;
			buildActionMask = 2147483647;
			files = (
				670340851BFE0EBC001DE623 /* ShoeBoxUITests.swift in Sources */,
				6728B70C1D914B1700850497 /* SnapshotHelper.swift in Sources */,
			);
			runOnlyForDeploymentPostprocessing = 0;
		};
/* End PBXSourcesBuildPhase section */

/* Begin PBXTargetDependency section */
		670340771BFE0EBB001DE623 /* PBXTargetDependency */ = {
			isa = PBXTargetDependency;
			target = 670340601BFE0EBB001DE623 /* ShoeBox */;
			targetProxy = 670340761BFE0EBB001DE623 /* PBXContainerItemProxy */;
		};
		670340821BFE0EBC001DE623 /* PBXTargetDependency */ = {
			isa = PBXTargetDependency;
			target = 670340601BFE0EBB001DE623 /* ShoeBox */;
			targetProxy = 670340811BFE0EBC001DE623 /* PBXContainerItemProxy */;
		};
/* End PBXTargetDependency section */

/* Begin PBXVariantGroup section */
		E34E59661C098A0200E4E0B9 /* LaunchScreen.storyboard */ = {
			isa = PBXVariantGroup;
			children = (
				E34E59671C098A0200E4E0B9 /* Base */,
				E381C0EF1C0B1DCC00D7AD1E /* ro-RO */,
			);
			name = LaunchScreen.storyboard;
			sourceTree = "<group>";
		};
		E34E59691C098A1700E4E0B9 /* Main.storyboard */ = {
			isa = PBXVariantGroup;
			children = (
				E34E596A1C098A1700E4E0B9 /* Base */,
			);
			name = Main.storyboard;
			sourceTree = "<group>";
		};
		E381C0EC1C0B1D7900D7AD1E /* Localizable.strings */ = {
			isa = PBXVariantGroup;
			children = (
				E381C0ED1C0B1D7E00D7AD1E /* en */,
				E381C0F01C0B1DCC00D7AD1E /* ro-RO */,
			);
			name = Localizable.strings;
			path = Resources/Language;
			sourceTree = "<group>";
		};
/* End PBXVariantGroup section */

/* Begin XCBuildConfiguration section */
		670340871BFE0EBC001DE623 /* Debug */ = {
			isa = XCBuildConfiguration;
			buildSettings = {
				ALWAYS_SEARCH_USER_PATHS = NO;
				CLANG_CXX_LANGUAGE_STANDARD = "gnu++0x";
				CLANG_CXX_LIBRARY = "libc++";
				CLANG_ENABLE_MODULES = YES;
				CLANG_ENABLE_OBJC_ARC = YES;
				CLANG_WARN_BOOL_CONVERSION = YES;
				CLANG_WARN_CONSTANT_CONVERSION = YES;
				CLANG_WARN_DIRECT_OBJC_ISA_USAGE = YES_ERROR;
				CLANG_WARN_EMPTY_BODY = YES;
				CLANG_WARN_ENUM_CONVERSION = YES;
				CLANG_WARN_INT_CONVERSION = YES;
				CLANG_WARN_OBJC_ROOT_CLASS = YES_ERROR;
				CLANG_WARN_UNREACHABLE_CODE = YES;
				CLANG_WARN__DUPLICATE_METHOD_MATCH = YES;
				"CODE_SIGN_IDENTITY[sdk=iphoneos*]" = "iPhone Developer";
				COPY_PHASE_STRIP = NO;
				DEBUG_INFORMATION_FORMAT = dwarf;
				ENABLE_STRICT_OBJC_MSGSEND = YES;
				ENABLE_TESTABILITY = YES;
				GCC_C_LANGUAGE_STANDARD = gnu99;
				GCC_DYNAMIC_NO_PIC = NO;
				GCC_NO_COMMON_BLOCKS = YES;
				GCC_OPTIMIZATION_LEVEL = 0;
				GCC_PREPROCESSOR_DEFINITIONS = (
					"DEBUG=1",
					"$(inherited)",
				);
				GCC_WARN_64_TO_32_BIT_CONVERSION = YES;
				GCC_WARN_ABOUT_RETURN_TYPE = YES_ERROR;
				GCC_WARN_UNDECLARED_SELECTOR = YES;
				GCC_WARN_UNINITIALIZED_AUTOS = YES_AGGRESSIVE;
				GCC_WARN_UNUSED_FUNCTION = YES;
				GCC_WARN_UNUSED_VARIABLE = YES;
				IPHONEOS_DEPLOYMENT_TARGET = 9.0;
				MTL_ENABLE_DEBUG_INFO = YES;
				ONLY_ACTIVE_ARCH = YES;
				PROVISIONING_PROFILE = "";
				SDKROOT = iphoneos;
				SWIFT_OPTIMIZATION_LEVEL = "-Onone";
				SWIFT_VERSION = 2.3;
			};
			name = Debug;
		};
		670340881BFE0EBC001DE623 /* Release */ = {
			isa = XCBuildConfiguration;
			buildSettings = {
				ALWAYS_SEARCH_USER_PATHS = NO;
				CLANG_CXX_LANGUAGE_STANDARD = "gnu++0x";
				CLANG_CXX_LIBRARY = "libc++";
				CLANG_ENABLE_MODULES = YES;
				CLANG_ENABLE_OBJC_ARC = YES;
				CLANG_WARN_BOOL_CONVERSION = YES;
				CLANG_WARN_CONSTANT_CONVERSION = YES;
				CLANG_WARN_DIRECT_OBJC_ISA_USAGE = YES_ERROR;
				CLANG_WARN_EMPTY_BODY = YES;
				CLANG_WARN_ENUM_CONVERSION = YES;
				CLANG_WARN_INT_CONVERSION = YES;
				CLANG_WARN_OBJC_ROOT_CLASS = YES_ERROR;
				CLANG_WARN_UNREACHABLE_CODE = YES;
				CLANG_WARN__DUPLICATE_METHOD_MATCH = YES;
				CODE_SIGN_IDENTITY = "iPhone Distribution";
				"CODE_SIGN_IDENTITY[sdk=iphoneos*]" = "iPhone Distribution: ULTIMATE COMMUNICATION SOFTWARE LTD (L76G333DCJ)";
				COPY_PHASE_STRIP = NO;
				DEBUG_INFORMATION_FORMAT = "dwarf-with-dsym";
				ENABLE_NS_ASSERTIONS = NO;
				ENABLE_STRICT_OBJC_MSGSEND = YES;
				GCC_C_LANGUAGE_STANDARD = gnu99;
				GCC_NO_COMMON_BLOCKS = YES;
				GCC_WARN_64_TO_32_BIT_CONVERSION = YES;
				GCC_WARN_ABOUT_RETURN_TYPE = YES_ERROR;
				GCC_WARN_UNDECLARED_SELECTOR = YES;
				GCC_WARN_UNINITIALIZED_AUTOS = YES_AGGRESSIVE;
				GCC_WARN_UNUSED_FUNCTION = YES;
				GCC_WARN_UNUSED_VARIABLE = YES;
				IPHONEOS_DEPLOYMENT_TARGET = 9.0;
				MTL_ENABLE_DEBUG_INFO = NO;
				PROVISIONING_PROFILE = "";
				SDKROOT = iphoneos;
				SWIFT_VERSION = 2.3;
				VALIDATE_PRODUCT = YES;
			};
			name = Release;
		};
		6703408A1BFE0EBC001DE623 /* Debug */ = {
			isa = XCBuildConfiguration;
			baseConfigurationReference = 9E7C0C9F3E1D7A0B7B508F63 /* Pods-ShoeBox.debug.xcconfig */;
			buildSettings = {
				ASSETCATALOG_COMPILER_APPICON_NAME = AppIcon;
				CLANG_ENABLE_MODULES = YES;
				CODE_SIGN_IDENTITY = "iPhone Developer";
				"CODE_SIGN_IDENTITY[sdk=iphoneos*]" = "iPhone Developer";
				DEVELOPMENT_TEAM = L76G333DCJ;
				ENABLE_BITCODE = NO;
				FRAMEWORK_SEARCH_PATHS = (
					"$(inherited)",
					"$(PROJECT_DIR)",
					"$(PROJECT_DIR)/Frameworks",
				);
				INFOPLIST_FILE = ShoeBox/SupportingFiles/Info.plist;
				IPHONEOS_DEPLOYMENT_TARGET = 9.0;
				LD_RUNPATH_SEARCH_PATHS = "$(inherited) @executable_path/Frameworks";
				PRODUCT_BUNDLE_IDENTIFIER = ro.shoebox.ShoeBox;
				PRODUCT_NAME = "$(TARGET_NAME)";
				PROVISIONING_PROFILE_SPECIFIER = "match Development ro.shoebox.ShoeBox";
				SWIFT_OBJC_BRIDGING_HEADER = "ShoeBox/SupportingFiles/ShoeBox-Bridging-Header.h";
				SWIFT_OPTIMIZATION_LEVEL = "-Onone";
				SWIFT_VERSION = 3.0.1;
				TARGETED_DEVICE_FAMILY = 1;
			};
			name = Debug;
		};
		6703408B1BFE0EBC001DE623 /* Release */ = {
			isa = XCBuildConfiguration;
			baseConfigurationReference = 64A5BD7C18BCD9DEFE2A24DB /* Pods-ShoeBox.release.xcconfig */;
			buildSettings = {
				ASSETCATALOG_COMPILER_APPICON_NAME = AppIcon;
				CLANG_ENABLE_MODULES = YES;
				CODE_SIGN_IDENTITY = "iPhone Distribution";
				"CODE_SIGN_IDENTITY[sdk=iphoneos*]" = "iPhone Distribution: ULTIMATE COMMUNICATION SOFTWARE LTD (L76G333DCJ)";
				DEVELOPMENT_TEAM = L76G333DCJ;
				ENABLE_BITCODE = NO;
				FRAMEWORK_SEARCH_PATHS = (
					"$(inherited)",
					"$(PROJECT_DIR)",
					"$(PROJECT_DIR)/Frameworks",
				);
				INFOPLIST_FILE = ShoeBox/SupportingFiles/Info.plist;
				IPHONEOS_DEPLOYMENT_TARGET = 9.0;
				LD_RUNPATH_SEARCH_PATHS = "$(inherited) @executable_path/Frameworks";
				PRODUCT_BUNDLE_IDENTIFIER = ro.shoebox.ShoeBox;
				PRODUCT_NAME = "$(TARGET_NAME)";
				PROVISIONING_PROFILE_SPECIFIER = "match AppStore ro.shoebox.ShoeBox";
				SWIFT_OBJC_BRIDGING_HEADER = "ShoeBox/SupportingFiles/ShoeBox-Bridging-Header.h";
				SWIFT_VERSION = 3.0.1;
				TARGETED_DEVICE_FAMILY = 1;
			};
			name = Release;
		};
		6703408D1BFE0EBC001DE623 /* Debug */ = {
			isa = XCBuildConfiguration;
			baseConfigurationReference = 7FAAC51D1FE2C548F8C556F5 /* Pods-ShoeBoxTests.debug.xcconfig */;
			buildSettings = {
				BUNDLE_LOADER = "$(TEST_HOST)";
				DEVELOPMENT_TEAM = L76G333DCJ;
				INFOPLIST_FILE = ShoeBoxTests/Info.plist;
				LD_RUNPATH_SEARCH_PATHS = "$(inherited) @executable_path/Frameworks @loader_path/Frameworks";
				PRODUCT_BUNDLE_IDENTIFIER = ro.shoebox.ShoeBoxTests;
				PRODUCT_NAME = "$(TARGET_NAME)";
				SWIFT_VERSION = 3.0;
				TEST_HOST = "$(BUILT_PRODUCTS_DIR)/ShoeBox.app/ShoeBox";
			};
			name = Debug;
		};
		6703408E1BFE0EBC001DE623 /* Release */ = {
			isa = XCBuildConfiguration;
			baseConfigurationReference = E07B77BAAF32C267F7D0BC52 /* Pods-ShoeBoxTests.release.xcconfig */;
			buildSettings = {
				BUNDLE_LOADER = "$(TEST_HOST)";
				"CODE_SIGN_IDENTITY[sdk=iphoneos*]" = "iPhone Distribution";
				DEVELOPMENT_TEAM = L76G333DCJ;
				INFOPLIST_FILE = ShoeBoxTests/Info.plist;
				LD_RUNPATH_SEARCH_PATHS = "$(inherited) @executable_path/Frameworks @loader_path/Frameworks";
				PRODUCT_BUNDLE_IDENTIFIER = ro.shoebox.ShoeBoxTests;
				PRODUCT_NAME = "$(TARGET_NAME)";
				SWIFT_VERSION = 3.0;
				TEST_HOST = "$(BUILT_PRODUCTS_DIR)/ShoeBox.app/ShoeBox";
			};
			name = Release;
		};
		670340901BFE0EBC001DE623 /* Debug */ = {
			isa = XCBuildConfiguration;
			baseConfigurationReference = EE245669824C0BC39BC5971C /* Pods-ShoeBoxUITests.debug.xcconfig */;
			buildSettings = {
				"CODE_SIGN_IDENTITY[sdk=iphoneos*]" = "iPhone Developer";
				INFOPLIST_FILE = ShoeBoxUITests/Info.plist;
				IPHONEOS_DEPLOYMENT_TARGET = 9.0;
				LD_RUNPATH_SEARCH_PATHS = "$(inherited) @executable_path/Frameworks @loader_path/Frameworks";
				PRODUCT_BUNDLE_IDENTIFIER = ro.shoebox.ShoeBoxUITests;
				PRODUCT_NAME = "$(TARGET_NAME)";
				SWIFT_VERSION = 3.0;
				TEST_TARGET_NAME = ShoeBox;
				USES_XCTRUNNER = YES;
			};
			name = Debug;
		};
		670340911BFE0EBC001DE623 /* Release */ = {
			isa = XCBuildConfiguration;
			baseConfigurationReference = 55A39D2F4FCD9B6D7C90315D /* Pods-ShoeBoxUITests.release.xcconfig */;
			buildSettings = {
				"CODE_SIGN_IDENTITY[sdk=iphoneos*]" = "iPhone Developer";
				INFOPLIST_FILE = ShoeBoxUITests/Info.plist;
				IPHONEOS_DEPLOYMENT_TARGET = 9.0;
				LD_RUNPATH_SEARCH_PATHS = "$(inherited) @executable_path/Frameworks @loader_path/Frameworks";
				PRODUCT_BUNDLE_IDENTIFIER = ro.shoebox.ShoeBoxUITests;
				PRODUCT_NAME = "$(TARGET_NAME)";
				SWIFT_VERSION = 3.0;
				TEST_TARGET_NAME = ShoeBox;
				USES_XCTRUNNER = YES;
			};
			name = Release;
		};
/* End XCBuildConfiguration section */

/* Begin XCConfigurationList section */
		6703405C1BFE0EBB001DE623 /* Build configuration list for PBXProject "ShoeBox" */ = {
			isa = XCConfigurationList;
			buildConfigurations = (
				670340871BFE0EBC001DE623 /* Debug */,
				670340881BFE0EBC001DE623 /* Release */,
			);
			defaultConfigurationIsVisible = 0;
			defaultConfigurationName = Release;
		};
		670340891BFE0EBC001DE623 /* Build configuration list for PBXNativeTarget "ShoeBox" */ = {
			isa = XCConfigurationList;
			buildConfigurations = (
				6703408A1BFE0EBC001DE623 /* Debug */,
				6703408B1BFE0EBC001DE623 /* Release */,
			);
			defaultConfigurationIsVisible = 0;
			defaultConfigurationName = Release;
		};
		6703408C1BFE0EBC001DE623 /* Build configuration list for PBXNativeTarget "ShoeBoxTests" */ = {
			isa = XCConfigurationList;
			buildConfigurations = (
				6703408D1BFE0EBC001DE623 /* Debug */,
				6703408E1BFE0EBC001DE623 /* Release */,
			);
			defaultConfigurationIsVisible = 0;
			defaultConfigurationName = Release;
		};
		6703408F1BFE0EBC001DE623 /* Build configuration list for PBXNativeTarget "ShoeBoxUITests" */ = {
			isa = XCConfigurationList;
			buildConfigurations = (
				670340901BFE0EBC001DE623 /* Debug */,
				670340911BFE0EBC001DE623 /* Release */,
			);
			defaultConfigurationIsVisible = 0;
			defaultConfigurationName = Release;
		};
/* End XCConfigurationList section */
	};
	rootObject = 670340591BFE0EBB001DE623 /* Project object */;
}
