// !$*UTF8*$!
{
	archiveVersion = 1;
	classes = {
	};
	objectVersion = 46;
	objects = {

/* Begin PBXBuildFile section */
		6703407A1BFE0EBB001DE623 /* ShoeBoxTests.swift in Sources */ = {isa = PBXBuildFile; fileRef = 670340791BFE0EBB001DE623 /* ShoeBoxTests.swift */; };
		670340851BFE0EBC001DE623 /* ShoeBoxUITests.swift in Sources */ = {isa = PBXBuildFile; fileRef = 670340841BFE0EBC001DE623 /* ShoeBoxUITests.swift */; };
		678718981C0088AC00F2E739 /* Fabric.framework in Frameworks */ = {isa = PBXBuildFile; fileRef = 678718961C0088AC00F2E739 /* Fabric.framework */; };
		678718991C0088AC00F2E739 /* Crashlytics.framework in Frameworks */ = {isa = PBXBuildFile; fileRef = 678718971C0088AC00F2E739 /* Crashlytics.framework */; };
		67E731C81C0B5F9500F259A5 /* Location.swift in Sources */ = {isa = PBXBuildFile; fileRef = 67E731C71C0B5F9500F259A5 /* Location.swift */; };
		67E731CA1C0B878D00F259A5 /* CoreLocation.framework in Frameworks */ = {isa = PBXBuildFile; fileRef = 67E731C91C0B878D00F259A5 /* CoreLocation.framework */; };
		E34E593F1C0987F300E4E0B9 /* AppDelegate.swift in Sources */ = {isa = PBXBuildFile; fileRef = E34E593E1C0987F300E4E0B9 /* AppDelegate.swift */; };
		E34E59411C09880100E4E0B9 /* AgesViewController.swift in Sources */ = {isa = PBXBuildFile; fileRef = E34E59401C09880100E4E0B9 /* AgesViewController.swift */; };
		E34E594C1C09885F00E4E0B9 /* Assets.xcassets in Resources */ = {isa = PBXBuildFile; fileRef = E34E594B1C09885F00E4E0B9 /* Assets.xcassets */; };
		E34E594E1C09889900E4E0B9 /* IntroViewController.swift in Sources */ = {isa = PBXBuildFile; fileRef = E34E594D1C09889900E4E0B9 /* IntroViewController.swift */; };
		E34E59541C0988C400E4E0B9 /* LocationDetailViewController.swift in Sources */ = {isa = PBXBuildFile; fileRef = E34E59521C0988C400E4E0B9 /* LocationDetailViewController.swift */; };
		E34E59551C0988C400E4E0B9 /* LocationsViewController.swift in Sources */ = {isa = PBXBuildFile; fileRef = E34E59531C0988C400E4E0B9 /* LocationsViewController.swift */; };
		E34E59571C0988D700E4E0B9 /* MainViewController.swift in Sources */ = {isa = PBXBuildFile; fileRef = E34E59561C0988D700E4E0B9 /* MainViewController.swift */; };
		E34E595C1C09890300E4E0B9 /* MapViewController.swift in Sources */ = {isa = PBXBuildFile; fileRef = E34E595B1C09890300E4E0B9 /* MapViewController.swift */; };
		E34E59611C09893100E4E0B9 /* SuggestionsViewController.swift in Sources */ = {isa = PBXBuildFile; fileRef = E34E59601C09893100E4E0B9 /* SuggestionsViewController.swift */; };
		E34E59681C098A0200E4E0B9 /* LaunchScreen.storyboard in Resources */ = {isa = PBXBuildFile; fileRef = E34E59661C098A0200E4E0B9 /* LaunchScreen.storyboard */; };
		E34E596B1C098A1700E4E0B9 /* Main.storyboard in Resources */ = {isa = PBXBuildFile; fileRef = E34E59691C098A1700E4E0B9 /* Main.storyboard */; };
		E381C0E21C0B0C3900D7AD1E /* ShoeBoxAgesFooterView.swift in Sources */ = {isa = PBXBuildFile; fileRef = E381C0E11C0B0C3900D7AD1E /* ShoeBoxAgesFooterView.swift */; };
		E381C0EA1C0B1D7900D7AD1E /* Localizable.strings in Resources */ = {isa = PBXBuildFile; fileRef = E381C0EC1C0B1D7900D7AD1E /* Localizable.strings */; };
		E381C0F31C0B1F6200D7AD1E /* ShoeBoxLocalizedButton.swift in Sources */ = {isa = PBXBuildFile; fileRef = E381C0F21C0B1F6200D7AD1E /* ShoeBoxLocalizedButton.swift */; };
		E381C0F61C0B2AB900D7AD1E /* ShoeBoxLocalizedLabel.swift in Sources */ = {isa = PBXBuildFile; fileRef = E381C0F51C0B2AB900D7AD1E /* ShoeBoxLocalizedLabel.swift */; };
		E381C0FA1C0B311A00D7AD1E /* SuggestionDetailsViewController.swift in Sources */ = {isa = PBXBuildFile; fileRef = E381C0F91C0B311A00D7AD1E /* SuggestionDetailsViewController.swift */; };
		E3DE2C4F1C09A08200F73362 /* MenuTableViewController.swift in Sources */ = {isa = PBXBuildFile; fileRef = E3DE2C4E1C09A08200F73362 /* MenuTableViewController.swift */; };
		E3DE2C541C0A103500F73362 /* UIColor+ShoeBoxColor.swift in Sources */ = {isa = PBXBuildFile; fileRef = E3DE2C531C0A103500F73362 /* UIColor+ShoeBoxColor.swift */; };
		E3DE2C561C0A1D7B00F73362 /* ShoeBoxAgesTopView.swift in Sources */ = {isa = PBXBuildFile; fileRef = E3DE2C551C0A1D7B00F73362 /* ShoeBoxAgesTopView.swift */; };
		F0453DAC70FEDE158F6D5D5F /* libPods.a in Frameworks */ = {isa = PBXBuildFile; fileRef = 1EF25368E5729049FB07709A /* libPods.a */; };
/* End PBXBuildFile section */

/* Begin PBXContainerItemProxy section */
		670340761BFE0EBB001DE623 /* PBXContainerItemProxy */ = {
			isa = PBXContainerItemProxy;
			containerPortal = 670340591BFE0EBB001DE623 /* Project object */;
			proxyType = 1;
			remoteGlobalIDString = 670340601BFE0EBB001DE623;
			remoteInfo = ShoeBox;
		};
		670340811BFE0EBC001DE623 /* PBXContainerItemProxy */ = {
			isa = PBXContainerItemProxy;
			containerPortal = 670340591BFE0EBB001DE623 /* Project object */;
			proxyType = 1;
			remoteGlobalIDString = 670340601BFE0EBB001DE623;
			remoteInfo = ShoeBox;
		};
/* End PBXContainerItemProxy section */

/* Begin PBXFileReference section */
		0C9AFE9953D52A7A78E63EEB /* Pods.debug.xcconfig */ = {isa = PBXFileReference; includeInIndex = 1; lastKnownFileType = text.xcconfig; name = Pods.debug.xcconfig; path = "Pods/Target Support Files/Pods/Pods.debug.xcconfig"; sourceTree = "<group>"; };
		1EF25368E5729049FB07709A /* libPods.a */ = {isa = PBXFileReference; explicitFileType = archive.ar; includeInIndex = 0; path = libPods.a; sourceTree = BUILT_PRODUCTS_DIR; };
		3533925F2F659A57015949DD /* Pods.release.xcconfig */ = {isa = PBXFileReference; includeInIndex = 1; lastKnownFileType = text.xcconfig; name = Pods.release.xcconfig; path = "Pods/Target Support Files/Pods/Pods.release.xcconfig"; sourceTree = "<group>"; };
		670340611BFE0EBB001DE623 /* ShoeBox.app */ = {isa = PBXFileReference; explicitFileType = wrapper.application; includeInIndex = 0; path = ShoeBox.app; sourceTree = BUILT_PRODUCTS_DIR; };
		670340751BFE0EBB001DE623 /* ShoeBoxTests.xctest */ = {isa = PBXFileReference; explicitFileType = wrapper.cfbundle; includeInIndex = 0; path = ShoeBoxTests.xctest; sourceTree = BUILT_PRODUCTS_DIR; };
		670340791BFE0EBB001DE623 /* ShoeBoxTests.swift */ = {isa = PBXFileReference; lastKnownFileType = sourcecode.swift; path = ShoeBoxTests.swift; sourceTree = "<group>"; };
		6703407B1BFE0EBB001DE623 /* Info.plist */ = {isa = PBXFileReference; lastKnownFileType = text.plist.xml; path = Info.plist; sourceTree = "<group>"; };
		670340801BFE0EBC001DE623 /* ShoeBoxUITests.xctest */ = {isa = PBXFileReference; explicitFileType = wrapper.cfbundle; includeInIndex = 0; path = ShoeBoxUITests.xctest; sourceTree = BUILT_PRODUCTS_DIR; };
		670340841BFE0EBC001DE623 /* ShoeBoxUITests.swift */ = {isa = PBXFileReference; lastKnownFileType = sourcecode.swift; path = ShoeBoxUITests.swift; sourceTree = "<group>"; };
		670340861BFE0EBC001DE623 /* Info.plist */ = {isa = PBXFileReference; lastKnownFileType = text.plist.xml; path = Info.plist; sourceTree = "<group>"; };
		678718961C0088AC00F2E739 /* Fabric.framework */ = {isa = PBXFileReference; lastKnownFileType = wrapper.framework; name = Fabric.framework; path = Frameworks/Fabric.framework; sourceTree = "<group>"; };
		678718971C0088AC00F2E739 /* Crashlytics.framework */ = {isa = PBXFileReference; lastKnownFileType = wrapper.framework; name = Crashlytics.framework; path = Frameworks/Crashlytics.framework; sourceTree = "<group>"; };
		67E731C71C0B5F9500F259A5 /* Location.swift */ = {isa = PBXFileReference; fileEncoding = 4; lastKnownFileType = sourcecode.swift; path = Location.swift; sourceTree = "<group>"; };
		67E731C91C0B878D00F259A5 /* CoreLocation.framework */ = {isa = PBXFileReference; lastKnownFileType = wrapper.framework; name = CoreLocation.framework; path = System/Library/Frameworks/CoreLocation.framework; sourceTree = SDKROOT; };
		E34E593E1C0987F300E4E0B9 /* AppDelegate.swift */ = {isa = PBXFileReference; fileEncoding = 4; lastKnownFileType = sourcecode.swift; name = AppDelegate.swift; path = Classes/AppDelegate.swift; sourceTree = "<group>"; };
		E34E59401C09880100E4E0B9 /* AgesViewController.swift */ = {isa = PBXFileReference; fileEncoding = 4; lastKnownFileType = sourcecode.swift; name = AgesViewController.swift; path = Classes/GUI/AgesScreen/ViewController/AgesViewController.swift; sourceTree = "<group>"; };
		E34E594B1C09885F00E4E0B9 /* Assets.xcassets */ = {isa = PBXFileReference; lastKnownFileType = folder.assetcatalog; name = Assets.xcassets; path = Resources/Images/Assets.xcassets; sourceTree = "<group>"; };
		E34E594D1C09889900E4E0B9 /* IntroViewController.swift */ = {isa = PBXFileReference; fileEncoding = 4; lastKnownFileType = sourcecode.swift; name = IntroViewController.swift; path = Classes/GUI/IntroScrees/ViewController/IntroViewController.swift; sourceTree = "<group>"; };
		E34E59521C0988C400E4E0B9 /* LocationDetailViewController.swift */ = {isa = PBXFileReference; fileEncoding = 4; lastKnownFileType = sourcecode.swift; name = LocationDetailViewController.swift; path = Classes/GUI/LocationScreen/ViewController/LocationDetailViewController.swift; sourceTree = "<group>"; };
		E34E59531C0988C400E4E0B9 /* LocationsViewController.swift */ = {isa = PBXFileReference; fileEncoding = 4; lastKnownFileType = sourcecode.swift; name = LocationsViewController.swift; path = Classes/GUI/LocationScreen/ViewController/LocationsViewController.swift; sourceTree = "<group>"; };
		E34E59561C0988D700E4E0B9 /* MainViewController.swift */ = {isa = PBXFileReference; fileEncoding = 4; lastKnownFileType = sourcecode.swift; name = MainViewController.swift; path = Classes/GUI/MainScreen/ViewController/MainViewController.swift; sourceTree = "<group>"; };
		E34E595B1C09890300E4E0B9 /* MapViewController.swift */ = {isa = PBXFileReference; fileEncoding = 4; lastKnownFileType = sourcecode.swift; name = MapViewController.swift; path = Classes/GUI/MapScreen/ViewController/MapViewController.swift; sourceTree = "<group>"; };
		E34E59601C09893100E4E0B9 /* SuggestionsViewController.swift */ = {isa = PBXFileReference; fileEncoding = 4; lastKnownFileType = sourcecode.swift; name = SuggestionsViewController.swift; path = Classes/GUI/SuggestionScreen/ViewController/SuggestionsViewController.swift; sourceTree = "<group>"; };
		E34E59631C0989F600E4E0B9 /* Info.plist */ = {isa = PBXFileReference; fileEncoding = 4; lastKnownFileType = text.plist.xml; name = Info.plist; path = SupportingFiles/Info.plist; sourceTree = "<group>"; };
		E34E59641C0989F600E4E0B9 /* ShoeBox-Bridging-Header.h */ = {isa = PBXFileReference; fileEncoding = 4; lastKnownFileType = sourcecode.c.h; name = "ShoeBox-Bridging-Header.h"; path = "SupportingFiles/ShoeBox-Bridging-Header.h"; sourceTree = "<group>"; };
		E34E59671C098A0200E4E0B9 /* Base */ = {isa = PBXFileReference; lastKnownFileType = file.storyboard; name = Base; path = SupportingFiles/Base.lproj/LaunchScreen.storyboard; sourceTree = "<group>"; };
		E34E596A1C098A1700E4E0B9 /* Base */ = {isa = PBXFileReference; lastKnownFileType = file.storyboard; name = Base; path = SupportingFiles/Base.lproj/Main.storyboard; sourceTree = "<group>"; };
		E381C0E11C0B0C3900D7AD1E /* ShoeBoxAgesFooterView.swift */ = {isa = PBXFileReference; fileEncoding = 4; lastKnownFileType = sourcecode.swift; name = ShoeBoxAgesFooterView.swift; path = Classes/GUI/AgesScreen/Views/ShoeBoxAgesFooterView.swift; sourceTree = "<group>"; };
		E381C0ED1C0B1D7E00D7AD1E /* en */ = {isa = PBXFileReference; lastKnownFileType = text.plist.strings; name = en; path = en.lproj/Localizable.strings; sourceTree = "<group>"; };
		E381C0EF1C0B1DCC00D7AD1E /* ro-RO */ = {isa = PBXFileReference; lastKnownFileType = text.plist.strings; name = "ro-RO"; path = "SupportingFiles/ro-RO.lproj/LaunchScreen.strings"; sourceTree = "<group>"; };
		E381C0F01C0B1DCC00D7AD1E /* ro-RO */ = {isa = PBXFileReference; lastKnownFileType = text.plist.strings; name = "ro-RO"; path = "ro-RO.lproj/Localizable.strings"; sourceTree = "<group>"; };
		E381C0F21C0B1F6200D7AD1E /* ShoeBoxLocalizedButton.swift */ = {isa = PBXFileReference; fileEncoding = 4; lastKnownFileType = sourcecode.swift; name = ShoeBoxLocalizedButton.swift; path = Classes/Helpers/LocalizedButton/ShoeBoxLocalizedButton.swift; sourceTree = "<group>"; };
		E381C0F51C0B2AB900D7AD1E /* ShoeBoxLocalizedLabel.swift */ = {isa = PBXFileReference; fileEncoding = 4; lastKnownFileType = sourcecode.swift; name = ShoeBoxLocalizedLabel.swift; path = Classes/Helpers/LocalizedLabel/ShoeBoxLocalizedLabel.swift; sourceTree = "<group>"; };
		E381C0F91C0B311A00D7AD1E /* SuggestionDetailsViewController.swift */ = {isa = PBXFileReference; fileEncoding = 4; lastKnownFileType = sourcecode.swift; name = SuggestionDetailsViewController.swift; path = Classes/GUI/SuggestionScreen/DetailsScreen/ViewController/SuggestionDetailsViewController.swift; sourceTree = "<group>"; };
		E3DE2C4E1C09A08200F73362 /* MenuTableViewController.swift */ = {isa = PBXFileReference; fileEncoding = 4; lastKnownFileType = sourcecode.swift; name = MenuTableViewController.swift; path = Classes/GUI/MenuScreen/ViewController/MenuTableViewController.swift; sourceTree = "<group>"; };
		E3DE2C531C0A103500F73362 /* UIColor+ShoeBoxColor.swift */ = {isa = PBXFileReference; fileEncoding = 4; lastKnownFileType = sourcecode.swift; name = "UIColor+ShoeBoxColor.swift"; path = "Classes/Helpers/Extensions/UIColor/UIColor+ShoeBoxColor.swift"; sourceTree = "<group>"; };
		E3DE2C551C0A1D7B00F73362 /* ShoeBoxAgesTopView.swift */ = {isa = PBXFileReference; fileEncoding = 4; lastKnownFileType = sourcecode.swift; name = ShoeBoxAgesTopView.swift; path = Classes/GUI/AgesScreen/Views/ShoeBoxAgesTopView.swift; sourceTree = "<group>"; };
/* End PBXFileReference section */

/* Begin PBXFrameworksBuildPhase section */
		6703405E1BFE0EBB001DE623 /* Frameworks */ = {
			isa = PBXFrameworksBuildPhase;
			buildActionMask = 2147483647;
			files = (
				67E731CA1C0B878D00F259A5 /* CoreLocation.framework in Frameworks */,
				678718981C0088AC00F2E739 /* Fabric.framework in Frameworks */,
				678718991C0088AC00F2E739 /* Crashlytics.framework in Frameworks */,
				F0453DAC70FEDE158F6D5D5F /* libPods.a in Frameworks */,
			);
			runOnlyForDeploymentPostprocessing = 0;
		};
		670340721BFE0EBB001DE623 /* Frameworks */ = {
			isa = PBXFrameworksBuildPhase;
			buildActionMask = 2147483647;
			files = (
			);
			runOnlyForDeploymentPostprocessing = 0;
		};
		6703407D1BFE0EBB001DE623 /* Frameworks */ = {
			isa = PBXFrameworksBuildPhase;
			buildActionMask = 2147483647;
			files = (
			);
			runOnlyForDeploymentPostprocessing = 0;
		};
/* End PBXFrameworksBuildPhase section */

/* Begin PBXGroup section */
		3A1BABA71C079709007DE234 /* Helpers */ = {
			isa = PBXGroup;
			children = (
				E381C0F41C0B2A9600D7AD1E /* LocalizedLabel */,
				E381C0F11C0B1F1900D7AD1E /* LocalizedButton */,
				E3DE2C511C0A0FFA00F73362 /* Extensions */,
			);
			name = Helpers;
			sourceTree = "<group>";
		};
		670340581BFE0EBB001DE623 = {
			isa = PBXGroup;
			children = (
				670340631BFE0EBB001DE623 /* ShoeBox */,
				670340781BFE0EBB001DE623 /* ShoeBoxTests */,
				670340831BFE0EBC001DE623 /* ShoeBoxUITests */,
				678718911C00881900F2E739 /* Frameworks */,
				670340621BFE0EBB001DE623 /* Products */,
				BC2CD61291BFFA8AF574BADE /* Pods */,
			);
			sourceTree = "<group>";
		};
		670340621BFE0EBB001DE623 /* Products */ = {
			isa = PBXGroup;
			children = (
				670340611BFE0EBB001DE623 /* ShoeBox.app */,
				670340751BFE0EBB001DE623 /* ShoeBoxTests.xctest */,
				670340801BFE0EBC001DE623 /* ShoeBoxUITests.xctest */,
			);
			name = Products;
			sourceTree = "<group>";
		};
		670340631BFE0EBB001DE623 /* ShoeBox */ = {
			isa = PBXGroup;
			children = (
				E34E592E1C0982E800E4E0B9 /* Classes */,
				E34E59371C09850500E4E0B9 /* Resources */,
				E34E59621C0989B000E4E0B9 /* SupportingFiles */,
			);
			path = ShoeBox;
			sourceTree = "<group>";
		};
		670340781BFE0EBB001DE623 /* ShoeBoxTests */ = {
			isa = PBXGroup;
			children = (
				670340791BFE0EBB001DE623 /* ShoeBoxTests.swift */,
				6703407B1BFE0EBB001DE623 /* Info.plist */,
			);
			path = ShoeBoxTests;
			sourceTree = "<group>";
		};
		670340831BFE0EBC001DE623 /* ShoeBoxUITests */ = {
			isa = PBXGroup;
			children = (
				670340841BFE0EBC001DE623 /* ShoeBoxUITests.swift */,
				670340861BFE0EBC001DE623 /* Info.plist */,
			);
			path = ShoeBoxUITests;
			sourceTree = "<group>";
		};
		678718911C00881900F2E739 /* Frameworks */ = {
			isa = PBXGroup;
			children = (
				67E731C91C0B878D00F259A5 /* CoreLocation.framework */,
				678718961C0088AC00F2E739 /* Fabric.framework */,
				678718971C0088AC00F2E739 /* Crashlytics.framework */,
				1EF25368E5729049FB07709A /* libPods.a */,
			);
			name = Frameworks;
			sourceTree = "<group>";
		};
		67E731C61C0B5F6C00F259A5 /* Map */ = {
			isa = PBXGroup;
			children = (
				67E731C71C0B5F9500F259A5 /* Location.swift */,
			);
			name = Map;
			sourceTree = "<group>";
		};
		BC2CD61291BFFA8AF574BADE /* Pods */ = {
			isa = PBXGroup;
			children = (
				0C9AFE9953D52A7A78E63EEB /* Pods.debug.xcconfig */,
				3533925F2F659A57015949DD /* Pods.release.xcconfig */,
			);
			name = Pods;
			sourceTree = "<group>";
		};
		E34E592E1C0982E800E4E0B9 /* Classes */ = {
			isa = PBXGroup;
			children = (
				E34E593E1C0987F300E4E0B9 /* AppDelegate.swift */,
				E34E592F1C0982F300E4E0B9 /* GUI */,
				E34E596C1C098A7A00E4E0B9 /* Model */,
				3A1BABA71C079709007DE234 /* Helpers */,
			);
			name = Classes;
			sourceTree = "<group>";
		};
		E34E592F1C0982F300E4E0B9 /* GUI */ = {
			isa = PBXGroup;
			children = (
				E34E593B1C0986F400E4E0B9 /* AgesScreen */,
				E3DE2C501C09D4A200F73362 /* Base */,
				E34E59301C09833E00E4E0B9 /* IntroScreen */,
				E34E594F1C0988A400E4E0B9 /* LocationScreen */,
				E34E59311C09834600E4E0B9 /* MainScreen */,
				E34E59581C0988E800E4E0B9 /* MapScreen */,
				E3DE2C4C1C09A04400F73362 /* MenuScreen */,
				E34E595D1C09890B00E4E0B9 /* SuggestionScreen */,
				E34E59381C09851B00E4E0B9 /* Storyboard */,
			);
			name = GUI;
			sourceTree = "<group>";
		};
		E34E59301C09833E00E4E0B9 /* IntroScreen */ = {
			isa = PBXGroup;
			children = (
				E34E59351C0984D000E4E0B9 /* View */,
				E34E59341C0984C800E4E0B9 /* ViewController */,
			);
			name = IntroScreen;
			sourceTree = "<group>";
		};
		E34E59311C09834600E4E0B9 /* MainScreen */ = {
			isa = PBXGroup;
			children = (
				E34E59331C0984C300E4E0B9 /* View */,
				E34E59321C0984BA00E4E0B9 /* ViewController */,
			);
			name = MainScreen;
			sourceTree = "<group>";
		};
		E34E59321C0984BA00E4E0B9 /* ViewController */ = {
			isa = PBXGroup;
			children = (
				E34E59561C0988D700E4E0B9 /* MainViewController.swift */,
			);
			name = ViewController;
			sourceTree = "<group>";
		};
		E34E59331C0984C300E4E0B9 /* View */ = {
			isa = PBXGroup;
			children = (
			);
			name = View;
			sourceTree = "<group>";
		};
		E34E59341C0984C800E4E0B9 /* ViewController */ = {
			isa = PBXGroup;
			children = (
				E34E594D1C09889900E4E0B9 /* IntroViewController.swift */,
			);
			name = ViewController;
			sourceTree = "<group>";
		};
		E34E59351C0984D000E4E0B9 /* View */ = {
			isa = PBXGroup;
			children = (
			);
			name = View;
			sourceTree = "<group>";
		};
		E34E59371C09850500E4E0B9 /* Resources */ = {
			isa = PBXGroup;
			children = (
				E34E59391C09853C00E4E0B9 /* Images */,
				E381C0E31C0B1C8900D7AD1E /* Language */,
			);
			name = Resources;
			sourceTree = "<group>";
		};
		E34E59381C09851B00E4E0B9 /* Storyboard */ = {
			isa = PBXGroup;
			children = (
				E34E59691C098A1700E4E0B9 /* Main.storyboard */,
			);
			name = Storyboard;
			sourceTree = "<group>";
		};
		E34E59391C09853C00E4E0B9 /* Images */ = {
			isa = PBXGroup;
			children = (
				E34E594B1C09885F00E4E0B9 /* Assets.xcassets */,
			);
			name = Images;
			sourceTree = "<group>";
		};
		E34E593B1C0986F400E4E0B9 /* AgesScreen */ = {
			isa = PBXGroup;
			children = (
				E34E593D1C09870000E4E0B9 /* Views */,
				E34E593C1C0986FA00E4E0B9 /* ViewController */,
			);
			name = AgesScreen;
			sourceTree = "<group>";
		};
		E34E593C1C0986FA00E4E0B9 /* ViewController */ = {
			isa = PBXGroup;
			children = (
				E34E59401C09880100E4E0B9 /* AgesViewController.swift */,
			);
			name = ViewController;
			sourceTree = "<group>";
		};
		E34E593D1C09870000E4E0B9 /* Views */ = {
			isa = PBXGroup;
			children = (
				E3DE2C551C0A1D7B00F73362 /* ShoeBoxAgesTopView.swift */,
				E381C0E11C0B0C3900D7AD1E /* ShoeBoxAgesFooterView.swift */,
			);
			name = Views;
			sourceTree = "<group>";
		};
		E34E594F1C0988A400E4E0B9 /* LocationScreen */ = {
			isa = PBXGroup;
			children = (
				E34E59511C0988B400E4E0B9 /* Views */,
				E34E59501C0988AE00E4E0B9 /* ViewController */,
			);
			name = LocationScreen;
			sourceTree = "<group>";
		};
		E34E59501C0988AE00E4E0B9 /* ViewController */ = {
			isa = PBXGroup;
			children = (
				E34E59521C0988C400E4E0B9 /* LocationDetailViewController.swift */,
				E34E59531C0988C400E4E0B9 /* LocationsViewController.swift */,
			);
			name = ViewController;
			sourceTree = "<group>";
		};
		E34E59511C0988B400E4E0B9 /* Views */ = {
			isa = PBXGroup;
			children = (
			);
			name = Views;
			sourceTree = "<group>";
		};
		E34E59581C0988E800E4E0B9 /* MapScreen */ = {
			isa = PBXGroup;
			children = (
				E34E595A1C0988F800E4E0B9 /* Views */,
				E34E59591C0988F200E4E0B9 /* ViewController */,
			);
			name = MapScreen;
			sourceTree = "<group>";
		};
		E34E59591C0988F200E4E0B9 /* ViewController */ = {
			isa = PBXGroup;
			children = (
				E34E595B1C09890300E4E0B9 /* MapViewController.swift */,
			);
			name = ViewController;
			sourceTree = "<group>";
		};
		E34E595A1C0988F800E4E0B9 /* Views */ = {
			isa = PBXGroup;
			children = (
			);
			name = Views;
			sourceTree = "<group>";
		};
		E34E595D1C09890B00E4E0B9 /* SuggestionScreen */ = {
			isa = PBXGroup;
			children = (
				E381C0F71C0B309D00D7AD1E /* DetailsScreen */,
				E34E595F1C09891900E4E0B9 /* Views */,
				E34E595E1C09891200E4E0B9 /* ViewController */,
			);
			name = SuggestionScreen;
			sourceTree = "<group>";
		};
		E34E595E1C09891200E4E0B9 /* ViewController */ = {
			isa = PBXGroup;
			children = (
				E34E59601C09893100E4E0B9 /* SuggestionsViewController.swift */,
			);
			name = ViewController;
			sourceTree = "<group>";
		};
		E34E595F1C09891900E4E0B9 /* Views */ = {
			isa = PBXGroup;
			children = (
			);
			name = Views;
			sourceTree = "<group>";
		};
		E34E59621C0989B000E4E0B9 /* SupportingFiles */ = {
			isa = PBXGroup;
			children = (
				E34E59661C098A0200E4E0B9 /* LaunchScreen.storyboard */,
				E34E59631C0989F600E4E0B9 /* Info.plist */,
				E34E59641C0989F600E4E0B9 /* ShoeBox-Bridging-Header.h */,
			);
			name = SupportingFiles;
			sourceTree = "<group>";
		};
		E34E596C1C098A7A00E4E0B9 /* Model */ = {
			isa = PBXGroup;
			children = (
				67E731C61C0B5F6C00F259A5 /* Map */,
			);
			name = Model;
			sourceTree = "<group>";
		};
		E381C0E31C0B1C8900D7AD1E /* Language */ = {
			isa = PBXGroup;
			children = (
				E381C0EC1C0B1D7900D7AD1E /* Localizable.strings */,
			);
			name = Language;
			sourceTree = "<group>";
		};
		E381C0F11C0B1F1900D7AD1E /* LocalizedButton */ = {
			isa = PBXGroup;
			children = (
				E381C0F21C0B1F6200D7AD1E /* ShoeBoxLocalizedButton.swift */,
			);
			name = LocalizedButton;
			sourceTree = "<group>";
		};
		E381C0F41C0B2A9600D7AD1E /* LocalizedLabel */ = {
			isa = PBXGroup;
			children = (
				E381C0F51C0B2AB900D7AD1E /* ShoeBoxLocalizedLabel.swift */,
			);
			name = LocalizedLabel;
			sourceTree = "<group>";
		};
		E381C0F71C0B309D00D7AD1E /* DetailsScreen */ = {
			isa = PBXGroup;
			children = (
				E381C0F81C0B30F200D7AD1E /* ViewController */,
			);
			name = DetailsScreen;
			sourceTree = "<group>";
		};
		E381C0F81C0B30F200D7AD1E /* ViewController */ = {
			isa = PBXGroup;
			children = (
				E381C0F91C0B311A00D7AD1E /* SuggestionDetailsViewController.swift */,
			);
			name = ViewController;
			sourceTree = "<group>";
		};
		E3DE2C4C1C09A04400F73362 /* MenuScreen */ = {
			isa = PBXGroup;
			children = (
				E3DE2C4D1C09A04C00F73362 /* ViewController */,
			);
			name = MenuScreen;
			sourceTree = "<group>";
		};
		E3DE2C4D1C09A04C00F73362 /* ViewController */ = {
			isa = PBXGroup;
			children = (
				E3DE2C4E1C09A08200F73362 /* MenuTableViewController.swift */,
			);
			name = ViewController;
			sourceTree = "<group>";
		};
		E3DE2C501C09D4A200F73362 /* Base */ = {
			isa = PBXGroup;
			children = (
			);
			name = Base;
			sourceTree = "<group>";
		};
		E3DE2C511C0A0FFA00F73362 /* Extensions */ = {
			isa = PBXGroup;
			children = (
				E3DE2C521C0A100400F73362 /* UIColor */,
			);
			name = Extensions;
			sourceTree = "<group>";
		};
		E3DE2C521C0A100400F73362 /* UIColor */ = {
			isa = PBXGroup;
			children = (
				E3DE2C531C0A103500F73362 /* UIColor+ShoeBoxColor.swift */,
			);
			name = UIColor;
			sourceTree = "<group>";
		};
/* End PBXGroup section */

/* Begin PBXNativeTarget section */
		670340601BFE0EBB001DE623 /* ShoeBox */ = {
			isa = PBXNativeTarget;
			buildConfigurationList = 670340891BFE0EBC001DE623 /* Build configuration list for PBXNativeTarget "ShoeBox" */;
			buildPhases = (
				9307234B209A11524EBCCECE /* Check Pods Manifest.lock */,
				6703405D1BFE0EBB001DE623 /* Sources */,
				6703405E1BFE0EBB001DE623 /* Frameworks */,
				6703405F1BFE0EBB001DE623 /* Resources */,
				6787188A1C00876200F2E739 /* ShellScript */,
				1B0E02609F011E780D40CDEE /* Embed Pods Frameworks */,
				567AB5B580F329DFD679E922 /* Copy Pods Resources */,
			);
			buildRules = (
			);
			dependencies = (
			);
			name = ShoeBox;
			productName = ShoeBox;
			productReference = 670340611BFE0EBB001DE623 /* ShoeBox.app */;
			productType = "com.apple.product-type.application";
		};
		670340741BFE0EBB001DE623 /* ShoeBoxTests */ = {
			isa = PBXNativeTarget;
			buildConfigurationList = 6703408C1BFE0EBC001DE623 /* Build configuration list for PBXNativeTarget "ShoeBoxTests" */;
			buildPhases = (
				670340711BFE0EBB001DE623 /* Sources */,
				670340721BFE0EBB001DE623 /* Frameworks */,
				670340731BFE0EBB001DE623 /* Resources */,
			);
			buildRules = (
			);
			dependencies = (
				670340771BFE0EBB001DE623 /* PBXTargetDependency */,
			);
			name = ShoeBoxTests;
			productName = ShoeBoxTests;
			productReference = 670340751BFE0EBB001DE623 /* ShoeBoxTests.xctest */;
			productType = "com.apple.product-type.bundle.unit-test";
		};
		6703407F1BFE0EBB001DE623 /* ShoeBoxUITests */ = {
			isa = PBXNativeTarget;
			buildConfigurationList = 6703408F1BFE0EBC001DE623 /* Build configuration list for PBXNativeTarget "ShoeBoxUITests" */;
			buildPhases = (
				6703407C1BFE0EBB001DE623 /* Sources */,
				6703407D1BFE0EBB001DE623 /* Frameworks */,
				6703407E1BFE0EBB001DE623 /* Resources */,
			);
			buildRules = (
			);
			dependencies = (
				670340821BFE0EBC001DE623 /* PBXTargetDependency */,
			);
			name = ShoeBoxUITests;
			productName = ShoeBoxUITests;
			productReference = 670340801BFE0EBC001DE623 /* ShoeBoxUITests.xctest */;
			productType = "com.apple.product-type.bundle.ui-testing";
		};
/* End PBXNativeTarget section */

/* Begin PBXProject section */
		670340591BFE0EBB001DE623 /* Project object */ = {
			isa = PBXProject;
			attributes = {
				LastSwiftUpdateCheck = 0710;
				LastUpgradeCheck = 0710;
				ORGANIZATIONNAME = ShoeBox;
				TargetAttributes = {
					670340601BFE0EBB001DE623 = {
						CreatedOnToolsVersion = 7.1.1;
						DevelopmentTeam = L76G333DCJ;
					};
					670340741BFE0EBB001DE623 = {
						CreatedOnToolsVersion = 7.1.1;
						TestTargetID = 670340601BFE0EBB001DE623;
					};
					6703407F1BFE0EBB001DE623 = {
						CreatedOnToolsVersion = 7.1.1;
						TestTargetID = 670340601BFE0EBB001DE623;
					};
				};
			};
			buildConfigurationList = 6703405C1BFE0EBB001DE623 /* Build configuration list for PBXProject "ShoeBox" */;
			compatibilityVersion = "Xcode 3.2";
			developmentRegion = English;
			hasScannedForEncodings = 0;
			knownRegions = (
				en,
				Base,
				"ro-RO",
			);
			mainGroup = 670340581BFE0EBB001DE623;
			productRefGroup = 670340621BFE0EBB001DE623 /* Products */;
			projectDirPath = "";
			projectRoot = "";
			targets = (
				670340601BFE0EBB001DE623 /* ShoeBox */,
				670340741BFE0EBB001DE623 /* ShoeBoxTests */,
				6703407F1BFE0EBB001DE623 /* ShoeBoxUITests */,
			);
		};
/* End PBXProject section */

/* Begin PBXResourcesBuildPhase section */
		6703405F1BFE0EBB001DE623 /* Resources */ = {
			isa = PBXResourcesBuildPhase;
			buildActionMask = 2147483647;
			files = (
				E34E59681C098A0200E4E0B9 /* LaunchScreen.storyboard in Resources */,
				E381C0EA1C0B1D7900D7AD1E /* Localizable.strings in Resources */,
				E34E594C1C09885F00E4E0B9 /* Assets.xcassets in Resources */,
				E34E596B1C098A1700E4E0B9 /* Main.storyboard in Resources */,
			);
			runOnlyForDeploymentPostprocessing = 0;
		};
		670340731BFE0EBB001DE623 /* Resources */ = {
			isa = PBXResourcesBuildPhase;
			buildActionMask = 2147483647;
			files = (
			);
			runOnlyForDeploymentPostprocessing = 0;
		};
		6703407E1BFE0EBB001DE623 /* Resources */ = {
			isa = PBXResourcesBuildPhase;
			buildActionMask = 2147483647;
			files = (
			);
			runOnlyForDeploymentPostprocessing = 0;
		};
/* End PBXResourcesBuildPhase section */

/* Begin PBXShellScriptBuildPhase section */
		1B0E02609F011E780D40CDEE /* Embed Pods Frameworks */ = {
			isa = PBXShellScriptBuildPhase;
			buildActionMask = 2147483647;
			files = (
			);
			inputPaths = (
			);
			name = "Embed Pods Frameworks";
			outputPaths = (
			);
			runOnlyForDeploymentPostprocessing = 0;
			shellPath = /bin/sh;
			shellScript = "\"${SRCROOT}/Pods/Target Support Files/Pods/Pods-frameworks.sh\"\n";
			showEnvVarsInLog = 0;
		};
		567AB5B580F329DFD679E922 /* Copy Pods Resources */ = {
			isa = PBXShellScriptBuildPhase;
			buildActionMask = 2147483647;
			files = (
			);
			inputPaths = (
			);
			name = "Copy Pods Resources";
			outputPaths = (
			);
			runOnlyForDeploymentPostprocessing = 0;
			shellPath = /bin/sh;
			shellScript = "\"${SRCROOT}/Pods/Target Support Files/Pods/Pods-resources.sh\"\n";
			showEnvVarsInLog = 0;
		};
		6787188A1C00876200F2E739 /* ShellScript */ = {
			isa = PBXShellScriptBuildPhase;
			buildActionMask = 2147483647;
			files = (
			);
			inputPaths = (
			);
			outputPaths = (
			);
			runOnlyForDeploymentPostprocessing = 0;
			shellPath = /bin/sh;
			shellScript = "./Frameworks/Fabric.framework/run 3b24327bf13dc6258f579bf4303b6eb98aabd810 6466f5ce3810b628c66753149b31d3ddb96fea662d740987f4bdba1e07230e1c";
		};
		9307234B209A11524EBCCECE /* Check Pods Manifest.lock */ = {
			isa = PBXShellScriptBuildPhase;
			buildActionMask = 2147483647;
			files = (
			);
			inputPaths = (
			);
			name = "Check Pods Manifest.lock";
			outputPaths = (
			);
			runOnlyForDeploymentPostprocessing = 0;
			shellPath = /bin/sh;
			shellScript = "diff \"${PODS_ROOT}/../Podfile.lock\" \"${PODS_ROOT}/Manifest.lock\" > /dev/null\nif [[ $? != 0 ]] ; then\n    cat << EOM\nerror: The sandbox is not in sync with the Podfile.lock. Run 'pod install' or update your CocoaPods installation.\nEOM\n    exit 1\nfi\n";
			showEnvVarsInLog = 0;
		};
/* End PBXShellScriptBuildPhase section */

/* Begin PBXSourcesBuildPhase section */
		6703405D1BFE0EBB001DE623 /* Sources */ = {
			isa = PBXSourcesBuildPhase;
			buildActionMask = 2147483647;
			files = (
				E34E59541C0988C400E4E0B9 /* LocationDetailViewController.swift in Sources */,
				E34E59551C0988C400E4E0B9 /* LocationsViewController.swift in Sources */,
				67E731C81C0B5F9500F259A5 /* Location.swift in Sources */,
				E34E594E1C09889900E4E0B9 /* IntroViewController.swift in Sources */,
				E381C0F61C0B2AB900D7AD1E /* ShoeBoxLocalizedLabel.swift in Sources */,
				E34E59571C0988D700E4E0B9 /* MainViewController.swift in Sources */,
				E381C0E21C0B0C3900D7AD1E /* ShoeBoxAgesFooterView.swift in Sources */,
				E34E59611C09893100E4E0B9 /* SuggestionsViewController.swift in Sources */,
				E3DE2C4F1C09A08200F73362 /* MenuTableViewController.swift in Sources */,
				E3DE2C561C0A1D7B00F73362 /* ShoeBoxAgesTopView.swift in Sources */,
				E34E59411C09880100E4E0B9 /* AgesViewController.swift in Sources */,
				E34E593F1C0987F300E4E0B9 /* AppDelegate.swift in Sources */,
				E381C0FA1C0B311A00D7AD1E /* SuggestionDetailsViewController.swift in Sources */,
				E3DE2C541C0A103500F73362 /* UIColor+ShoeBoxColor.swift in Sources */,
				E34E595C1C09890300E4E0B9 /* MapViewController.swift in Sources */,
				E381C0F31C0B1F6200D7AD1E /* ShoeBoxLocalizedButton.swift in Sources */,
			);
			runOnlyForDeploymentPostprocessing = 0;
		};
		670340711BFE0EBB001DE623 /* Sources */ = {
			isa = PBXSourcesBuildPhase;
			buildActionMask = 2147483647;
			files = (
				6703407A1BFE0EBB001DE623 /* ShoeBoxTests.swift in Sources */,
			);
			runOnlyForDeploymentPostprocessing = 0;
		};
		6703407C1BFE0EBB001DE623 /* Sources */ = {
			isa = PBXSourcesBuildPhase;
			buildActionMask = 2147483647;
			files = (
				670340851BFE0EBC001DE623 /* ShoeBoxUITests.swift in Sources */,
			);
			runOnlyForDeploymentPostprocessing = 0;
		};
/* End PBXSourcesBuildPhase section */

/* Begin PBXTargetDependency section */
		670340771BFE0EBB001DE623 /* PBXTargetDependency */ = {
			isa = PBXTargetDependency;
			target = 670340601BFE0EBB001DE623 /* ShoeBox */;
			targetProxy = 670340761BFE0EBB001DE623 /* PBXContainerItemProxy */;
		};
		670340821BFE0EBC001DE623 /* PBXTargetDependency */ = {
			isa = PBXTargetDependency;
			target = 670340601BFE0EBB001DE623 /* ShoeBox */;
			targetProxy = 670340811BFE0EBC001DE623 /* PBXContainerItemProxy */;
		};
/* End PBXTargetDependency section */

/* Begin PBXVariantGroup section */
		E34E59661C098A0200E4E0B9 /* LaunchScreen.storyboard */ = {
			isa = PBXVariantGroup;
			children = (
				E34E59671C098A0200E4E0B9 /* Base */,
				E381C0EF1C0B1DCC00D7AD1E /* ro-RO */,
			);
			name = LaunchScreen.storyboard;
			sourceTree = "<group>";
		};
		E34E59691C098A1700E4E0B9 /* Main.storyboard */ = {
			isa = PBXVariantGroup;
			children = (
				E34E596A1C098A1700E4E0B9 /* Base */,
			);
			name = Main.storyboard;
			sourceTree = "<group>";
		};
		E381C0EC1C0B1D7900D7AD1E /* Localizable.strings */ = {
			isa = PBXVariantGroup;
			children = (
				E381C0ED1C0B1D7E00D7AD1E /* en */,
				E381C0F01C0B1DCC00D7AD1E /* ro-RO */,
			);
			name = Localizable.strings;
			path = Resources/Language;
			sourceTree = "<group>";
		};
/* End PBXVariantGroup section */

/* Begin XCBuildConfiguration section */
		670340871BFE0EBC001DE623 /* Debug */ = {
			isa = XCBuildConfiguration;
			buildSettings = {
				ALWAYS_SEARCH_USER_PATHS = NO;
				CLANG_CXX_LANGUAGE_STANDARD = "gnu++0x";
				CLANG_CXX_LIBRARY = "libc++";
				CLANG_ENABLE_MODULES = YES;
				CLANG_ENABLE_OBJC_ARC = YES;
				CLANG_WARN_BOOL_CONVERSION = YES;
				CLANG_WARN_CONSTANT_CONVERSION = YES;
				CLANG_WARN_DIRECT_OBJC_ISA_USAGE = YES_ERROR;
				CLANG_WARN_EMPTY_BODY = YES;
				CLANG_WARN_ENUM_CONVERSION = YES;
				CLANG_WARN_INT_CONVERSION = YES;
				CLANG_WARN_OBJC_ROOT_CLASS = YES_ERROR;
				CLANG_WARN_UNREACHABLE_CODE = YES;
				CLANG_WARN__DUPLICATE_METHOD_MATCH = YES;
				"CODE_SIGN_IDENTITY[sdk=iphoneos*]" = "iPhone Developer";
				COPY_PHASE_STRIP = NO;
				DEBUG_INFORMATION_FORMAT = dwarf;
				ENABLE_STRICT_OBJC_MSGSEND = YES;
				ENABLE_TESTABILITY = YES;
				GCC_C_LANGUAGE_STANDARD = gnu99;
				GCC_DYNAMIC_NO_PIC = NO;
				GCC_NO_COMMON_BLOCKS = YES;
				GCC_OPTIMIZATION_LEVEL = 0;
				GCC_PREPROCESSOR_DEFINITIONS = (
					"DEBUG=1",
					"$(inherited)",
				);
				GCC_WARN_64_TO_32_BIT_CONVERSION = YES;
				GCC_WARN_ABOUT_RETURN_TYPE = YES_ERROR;
				GCC_WARN_UNDECLARED_SELECTOR = YES;
				GCC_WARN_UNINITIALIZED_AUTOS = YES_AGGRESSIVE;
				GCC_WARN_UNUSED_FUNCTION = YES;
				GCC_WARN_UNUSED_VARIABLE = YES;
				IPHONEOS_DEPLOYMENT_TARGET = 9.1;
				MTL_ENABLE_DEBUG_INFO = YES;
				ONLY_ACTIVE_ARCH = YES;
				SDKROOT = iphoneos;
				SWIFT_OPTIMIZATION_LEVEL = "-Onone";
			};
			name = Debug;
		};
		670340881BFE0EBC001DE623 /* Release */ = {
			isa = XCBuildConfiguration;
			buildSettings = {
				ALWAYS_SEARCH_USER_PATHS = NO;
				CLANG_CXX_LANGUAGE_STANDARD = "gnu++0x";
				CLANG_CXX_LIBRARY = "libc++";
				CLANG_ENABLE_MODULES = YES;
				CLANG_ENABLE_OBJC_ARC = YES;
				CLANG_WARN_BOOL_CONVERSION = YES;
				CLANG_WARN_CONSTANT_CONVERSION = YES;
				CLANG_WARN_DIRECT_OBJC_ISA_USAGE = YES_ERROR;
				CLANG_WARN_EMPTY_BODY = YES;
				CLANG_WARN_ENUM_CONVERSION = YES;
				CLANG_WARN_INT_CONVERSION = YES;
				CLANG_WARN_OBJC_ROOT_CLASS = YES_ERROR;
				CLANG_WARN_UNREACHABLE_CODE = YES;
				CLANG_WARN__DUPLICATE_METHOD_MATCH = YES;
				"CODE_SIGN_IDENTITY[sdk=iphoneos*]" = "iPhone Developer";
				COPY_PHASE_STRIP = NO;
				DEBUG_INFORMATION_FORMAT = "dwarf-with-dsym";
				ENABLE_NS_ASSERTIONS = NO;
				ENABLE_STRICT_OBJC_MSGSEND = YES;
				GCC_C_LANGUAGE_STANDARD = gnu99;
				GCC_NO_COMMON_BLOCKS = YES;
				GCC_WARN_64_TO_32_BIT_CONVERSION = YES;
				GCC_WARN_ABOUT_RETURN_TYPE = YES_ERROR;
				GCC_WARN_UNDECLARED_SELECTOR = YES;
				GCC_WARN_UNINITIALIZED_AUTOS = YES_AGGRESSIVE;
				GCC_WARN_UNUSED_FUNCTION = YES;
				GCC_WARN_UNUSED_VARIABLE = YES;
				IPHONEOS_DEPLOYMENT_TARGET = 9.1;
				MTL_ENABLE_DEBUG_INFO = NO;
				SDKROOT = iphoneos;
				VALIDATE_PRODUCT = YES;
			};
			name = Release;
		};
		6703408A1BFE0EBC001DE623 /* Debug */ = {
			isa = XCBuildConfiguration;
			baseConfigurationReference = 0C9AFE9953D52A7A78E63EEB /* Pods.debug.xcconfig */;
			buildSettings = {
				ASSETCATALOG_COMPILER_APPICON_NAME = AppIcon;
				CLANG_ENABLE_MODULES = YES;
				CODE_SIGN_IDENTITY = "iPhone Developer";
				FRAMEWORK_SEARCH_PATHS = (
					"$(inherited)",
					"$(PROJECT_DIR)",
					"$(PROJECT_DIR)/Frameworks",
				);
				INFOPLIST_FILE = ShoeBox/SupportingFiles/Info.plist;
				LD_RUNPATH_SEARCH_PATHS = "$(inherited) @executable_path/Frameworks";
				PRODUCT_BUNDLE_IDENTIFIER = ro.shoebox.ShoeBox;
				PRODUCT_NAME = "$(TARGET_NAME)";
				SWIFT_OBJC_BRIDGING_HEADER = "ShoeBox/SupportingFiles/ShoeBox-Bridging-Header.h";
				SWIFT_OPTIMIZATION_LEVEL = "-Onone";
				TARGETED_DEVICE_FAMILY = 1;
			};
			name = Debug;
		};
		6703408B1BFE0EBC001DE623 /* Release */ = {
			isa = XCBuildConfiguration;
			baseConfigurationReference = 3533925F2F659A57015949DD /* Pods.release.xcconfig */;
			buildSettings = {
				ASSETCATALOG_COMPILER_APPICON_NAME = AppIcon;
				CLANG_ENABLE_MODULES = YES;
				CODE_SIGN_IDENTITY = "iPhone Developer";
				FRAMEWORK_SEARCH_PATHS = (
					"$(inherited)",
					"$(PROJECT_DIR)",
					"$(PROJECT_DIR)/Frameworks",
				);
				INFOPLIST_FILE = ShoeBox/SupportingFiles/Info.plist;
				LD_RUNPATH_SEARCH_PATHS = "$(inherited) @executable_path/Frameworks";
				PRODUCT_BUNDLE_IDENTIFIER = ro.shoebox.ShoeBox;
				PRODUCT_NAME = "$(TARGET_NAME)";
				SWIFT_OBJC_BRIDGING_HEADER = "ShoeBox/SupportingFiles/ShoeBox-Bridging-Header.h";
				TARGETED_DEVICE_FAMILY = 1;
			};
			name = Release;
		};
		6703408D1BFE0EBC001DE623 /* Debug */ = {
			isa = XCBuildConfiguration;
			buildSettings = {
				BUNDLE_LOADER = "$(TEST_HOST)";
				INFOPLIST_FILE = ShoeBoxTests/Info.plist;
				LD_RUNPATH_SEARCH_PATHS = "$(inherited) @executable_path/Frameworks @loader_path/Frameworks";
				PRODUCT_BUNDLE_IDENTIFIER = ro.shoebox.ShoeBoxTests;
				PRODUCT_NAME = "$(TARGET_NAME)";
				TEST_HOST = "$(BUILT_PRODUCTS_DIR)/ShoeBox.app/ShoeBox";
			};
			name = Debug;
		};
		6703408E1BFE0EBC001DE623 /* Release */ = {
			isa = XCBuildConfiguration;
			buildSettings = {
				BUNDLE_LOADER = "$(TEST_HOST)";
				INFOPLIST_FILE = ShoeBoxTests/Info.plist;
				LD_RUNPATH_SEARCH_PATHS = "$(inherited) @executable_path/Frameworks @loader_path/Frameworks";
				PRODUCT_BUNDLE_IDENTIFIER = ro.shoebox.ShoeBoxTests;
				PRODUCT_NAME = "$(TARGET_NAME)";
				TEST_HOST = "$(BUILT_PRODUCTS_DIR)/ShoeBox.app/ShoeBox";
			};
			name = Release;
		};
		670340901BFE0EBC001DE623 /* Debug */ = {
			isa = XCBuildConfiguration;
			buildSettings = {
				INFOPLIST_FILE = ShoeBoxUITests/Info.plist;
				LD_RUNPATH_SEARCH_PATHS = "$(inherited) @executable_path/Frameworks @loader_path/Frameworks";
				PRODUCT_BUNDLE_IDENTIFIER = ro.shoebox.ShoeBoxUITests;
				PRODUCT_NAME = "$(TARGET_NAME)";
				TEST_TARGET_NAME = ShoeBox;
				USES_XCTRUNNER = YES;
			};
			name = Debug;
		};
		670340911BFE0EBC001DE623 /* Release */ = {
			isa = XCBuildConfiguration;
			buildSettings = {
				INFOPLIST_FILE = ShoeBoxUITests/Info.plist;
				LD_RUNPATH_SEARCH_PATHS = "$(inherited) @executable_path/Frameworks @loader_path/Frameworks";
				PRODUCT_BUNDLE_IDENTIFIER = ro.shoebox.ShoeBoxUITests;
				PRODUCT_NAME = "$(TARGET_NAME)";
				TEST_TARGET_NAME = ShoeBox;
				USES_XCTRUNNER = YES;
			};
			name = Release;
		};
/* End XCBuildConfiguration section */

/* Begin XCConfigurationList section */
		6703405C1BFE0EBB001DE623 /* Build configuration list for PBXProject "ShoeBox" */ = {
			isa = XCConfigurationList;
			buildConfigurations = (
				670340871BFE0EBC001DE623 /* Debug */,
				670340881BFE0EBC001DE623 /* Release */,
			);
			defaultConfigurationIsVisible = 0;
			defaultConfigurationName = Release;
		};
		670340891BFE0EBC001DE623 /* Build configuration list for PBXNativeTarget "ShoeBox" */ = {
			isa = XCConfigurationList;
			buildConfigurations = (
				6703408A1BFE0EBC001DE623 /* Debug */,
				6703408B1BFE0EBC001DE623 /* Release */,
			);
			defaultConfigurationIsVisible = 0;
			defaultConfigurationName = Release;
		};
		6703408C1BFE0EBC001DE623 /* Build configuration list for PBXNativeTarget "ShoeBoxTests" */ = {
			isa = XCConfigurationList;
			buildConfigurations = (
				6703408D1BFE0EBC001DE623 /* Debug */,
				6703408E1BFE0EBC001DE623 /* Release */,
			);
			defaultConfigurationIsVisible = 0;
			defaultConfigurationName = Release;
		};
		6703408F1BFE0EBC001DE623 /* Build configuration list for PBXNativeTarget "ShoeBoxUITests" */ = {
			isa = XCConfigurationList;
			buildConfigurations = (
				670340901BFE0EBC001DE623 /* Debug */,
				670340911BFE0EBC001DE623 /* Release */,
			);
			defaultConfigurationIsVisible = 0;
			defaultConfigurationName = Release;
		};
/* End XCConfigurationList section */
	};
	rootObject = 670340591BFE0EBB001DE623 /* Project object */;
}
